// !$*UTF8*$!
{
	archiveVersion = 1;
	classes = {
	};
	objectVersion = 56;
	objects = {

/* Begin PBXBuildFile section */
		3E0DA3BC2C94FC0300F19853 /* FirebaseService+Fighter.swift .swift in Sources */ = {isa = PBXBuildFile; fileRef = 3E0DA3BB2C94FC0300F19853 /* FirebaseService+Fighter.swift .swift */; };
		3E0DA3BE2C94FC5300F19853 /* FirebaseService+event.swift .swift in Sources */ = {isa = PBXBuildFile; fileRef = 3E0DA3BD2C94FC5300F19853 /* FirebaseService+event.swift .swift */; };
		3E0DA3C02C94FC8900F19853 /* FirebaseService+Fight.swift .swift in Sources */ = {isa = PBXBuildFile; fileRef = 3E0DA3BF2C94FC8900F19853 /* FirebaseService+Fight.swift .swift */; };
		3E0DA3C22C94FCB900F19853 /* FirebaseService+Round.swift in Sources */ = {isa = PBXBuildFile; fileRef = 3E0DA3C12C94FCB900F19853 /* FirebaseService+Round.swift */; };
		3E0DA3C42C94FCE100F19853 /* FirebaseService+User.swift in Sources */ = {isa = PBXBuildFile; fileRef = 3E0DA3C32C94FCE100F19853 /* FirebaseService+User.swift */; };
		3E0DA3C62C94FCFD00F19853 /* FirebaseService+Video.swift in Sources */ = {isa = PBXBuildFile; fileRef = 3E0DA3C52C94FCFD00F19853 /* FirebaseService+Video.swift */; };
		3E0DA3C82C95105200F19853 /* ArrayExtensions.swift in Sources */ = {isa = PBXBuildFile; fileRef = 3E0DA3C72C95105200F19853 /* ArrayExtensions.swift */; };
		3E0DA3CA2C95121600F19853 /* FirebaseService+GraphConfiguration.swift in Sources */ = {isa = PBXBuildFile; fileRef = 3E0DA3C92C95121600F19853 /* FirebaseService+GraphConfiguration.swift */; };
		3E0F20C52C72588D002FA01B /* EventTableViewCell.swift in Sources */ = {isa = PBXBuildFile; fileRef = 3E0F20C42C72588D002FA01B /* EventTableViewCell.swift */; };
		3E0F20C72C7271A9002FA01B /* FightModel.swift in Sources */ = {isa = PBXBuildFile; fileRef = 3E0F20C62C7271A9002FA01B /* FightModel.swift */; };
		3E0F20C92C72735C002FA01B /* FightCategories.swift in Sources */ = {isa = PBXBuildFile; fileRef = 3E0F20C82C72735C002FA01B /* FightCategories.swift */; };
		3E0F20CB2C727454002FA01B /* FightEditViewController.swift in Sources */ = {isa = PBXBuildFile; fileRef = 3E0F20CA2C727454002FA01B /* FightEditViewController.swift */; };
		3E0F20D22C72AE7D002FA01B /* FightTableViewCell.xib in Resources */ = {isa = PBXBuildFile; fileRef = 3E0F20D12C72AE7D002FA01B /* FightTableViewCell.xib */; };
		3E0F20D32C72AE7D002FA01B /* FightTableViewCell.swift in Sources */ = {isa = PBXBuildFile; fileRef = 3E0F20D02C72AE7D002FA01B /* FightTableViewCell.swift */; };
		3E4D14FE2C5D91CC00A3835A /* FighterEditViewController.swift in Sources */ = {isa = PBXBuildFile; fileRef = 3E4D14FD2C5D91CC00A3835A /* FighterEditViewController.swift */; };
		3E4D15062C5E523A00A3835A /* GoogleService-Info.plist in Resources */ = {isa = PBXBuildFile; fileRef = 3E4D15052C5E523A00A3835A /* GoogleService-Info.plist */; };
		3E5E43FC2C9F457200145377 /* GraphCollectionViewCell.swift in Sources */ = {isa = PBXBuildFile; fileRef = 3E5E43FB2C9F457200145377 /* GraphCollectionViewCell.swift */; };
		3E5E43FE2C9F45B000145377 /* AnalysisDashboardViewController.swift in Sources */ = {isa = PBXBuildFile; fileRef = 3E5E43FD2C9F45B000145377 /* AnalysisDashboardViewController.swift */; };
		3E5E44002C9F45E100145377 /* GraphConfiguration.swift in Sources */ = {isa = PBXBuildFile; fileRef = 3E5E43FF2C9F45E100145377 /* GraphConfiguration.swift */; };
		3E5E44022C9F461900145377 /* FilterViewController.swift in Sources */ = {isa = PBXBuildFile; fileRef = 3E5E44012C9F461900145377 /* FilterViewController.swift */; };
		3E5F6E9D2C5EFB5800BC4746 /* SignUpViewController.swift in Sources */ = {isa = PBXBuildFile; fileRef = 3E5F6E9C2C5EFB5800BC4746 /* SignUpViewController.swift */; };
		3E5F6EC52C5F04A200BC4746 /* FighterListViewController.swift in Sources */ = {isa = PBXBuildFile; fileRef = 3E5F6EC42C5F04A200BC4746 /* FighterListViewController.swift */; };
		3E5F6EC92C5F04D200BC4746 /* LoginViewController.swift in Sources */ = {isa = PBXBuildFile; fileRef = 3E5F6EC82C5F04D200BC4746 /* LoginViewController.swift */; };
		3E5F6ECB2C5F04EE00BC4746 /* FightListViewController.swift in Sources */ = {isa = PBXBuildFile; fileRef = 3E5F6ECA2C5F04EE00BC4746 /* FightListViewController.swift */; };
		3E5F6ECF2C5F064500BC4746 /* FighterDetailViewController.swift in Sources */ = {isa = PBXBuildFile; fileRef = 3E5F6ECE2C5F064500BC4746 /* FighterDetailViewController.swift */; };
		3E5F6ED12C5F069600BC4746 /* EventDetailViewController.swift in Sources */ = {isa = PBXBuildFile; fileRef = 3E5F6ED02C5F069600BC4746 /* EventDetailViewController.swift */; };
		3E5F6ED32C5F06C200BC4746 /* EventEditViewController.swift in Sources */ = {isa = PBXBuildFile; fileRef = 3E5F6ED22C5F06C200BC4746 /* EventEditViewController.swift */; };
		3E5F6ED52C5F0A0C00BC4746 /* UserProfileViewController.swift in Sources */ = {isa = PBXBuildFile; fileRef = 3E5F6ED42C5F0A0C00BC4746 /* UserProfileViewController.swift */; };
		3E5F6EDA2C5F788400BC4746 /* UIKit+Extensions.swift in Sources */ = {isa = PBXBuildFile; fileRef = 3E5F6ED92C5F788400BC4746 /* UIKit+Extensions.swift */; };
		3E6133332C6E4EF70060D6E6 /* LogoutViewController.swift in Sources */ = {isa = PBXBuildFile; fileRef = 3E6133322C6E4EF70060D6E6 /* LogoutViewController.swift */; };
		3E6133352C6EC4730060D6E6 /* UserEditViewController.swift in Sources */ = {isa = PBXBuildFile; fileRef = 3E6133342C6EC4730060D6E6 /* UserEditViewController.swift */; };
		3E6133382C6EC5290060D6E6 /* UserModel.swift in Sources */ = {isa = PBXBuildFile; fileRef = 3E6133372C6EC5290060D6E6 /* UserModel.swift */; };
		3E61333A2C6EC5680060D6E6 /* FirebaseService.swift in Sources */ = {isa = PBXBuildFile; fileRef = 3E6133392C6EC5680060D6E6 /* FirebaseService.swift */; };
		3E6133482C6FF1470060D6E6 /* CardView.swift in Sources */ = {isa = PBXBuildFile; fileRef = 3E6133472C6FF1460060D6E6 /* CardView.swift */; };
		3E61334A2C700F2B0060D6E6 /* FighterModel.swift in Sources */ = {isa = PBXBuildFile; fileRef = 3E6133492C700F2B0060D6E6 /* FighterModel.swift */; };
		3E61334F2C70224C0060D6E6 /* FighterTableViewCell.xib in Resources */ = {isa = PBXBuildFile; fileRef = 3E61334E2C70224C0060D6E6 /* FighterTableViewCell.xib */; };
		3E6133502C70224C0060D6E6 /* FighterTableViewCell.swift in Sources */ = {isa = PBXBuildFile; fileRef = 3E61334D2C70224C0060D6E6 /* FighterTableViewCell.swift */; };
		3E6133522C7142250060D6E6 /* EventModel.swift in Sources */ = {isa = PBXBuildFile; fileRef = 3E6133512C7142250060D6E6 /* EventModel.swift */; };
		3E6848D12CA788F500EF01A6 /* Assets.xcassets in Resources */ = {isa = PBXBuildFile; fileRef = 3E87E3312C56B94900D843E2 /* Assets.xcassets */; };
		3E6848D32CA9695C00EF01A6 /* testVideo.mp4 in Resources */ = {isa = PBXBuildFile; fileRef = 3E6848D22CA9695B00EF01A6 /* testVideo.mp4 */; };
		3E79A2532C7164BF00A64EE3 /* EventListViewController.swift in Sources */ = {isa = PBXBuildFile; fileRef = 3E79A2522C7164BF00A64EE3 /* EventListViewController.swift */; };
		3E7E9AD22C780F470067586F /* AddRoundViewController.swift in Sources */ = {isa = PBXBuildFile; fileRef = 3E7E9AD12C780F470067586F /* AddRoundViewController.swift */; };
		3E7E9AD42C7836C70067586F /* RoundModel.swift in Sources */ = {isa = PBXBuildFile; fileRef = 3E7E9AD32C7836C70067586F /* RoundModel.swift */; };
		3E7E9B0D2C7949250067586F /* ActionWheelView.swift in Sources */ = {isa = PBXBuildFile; fileRef = 3E7E9B0C2C7949250067586F /* ActionWheelView.swift */; };
		3E7E9B0F2C7BFA4E0067586F /* ActionPickerView.swift in Sources */ = {isa = PBXBuildFile; fileRef = 3E7E9B0E2C7BFA4D0067586F /* ActionPickerView.swift */; };
		3E7E9B112C7CFB710067586F /* VideoModel.swift in Sources */ = {isa = PBXBuildFile; fileRef = 3E7E9B102C7CFB710067586F /* VideoModel.swift */; };
		3E7E9B132C7CFBDC0067586F /* VideoPlayerView.swift in Sources */ = {isa = PBXBuildFile; fileRef = 3E7E9B122C7CFBDC0067586F /* VideoPlayerView.swift */; };
		3E7E9B172C7DF42A0067586F /* AddRoundViewController+setupui.swift in Sources */ = {isa = PBXBuildFile; fileRef = 3E7E9B162C7DF42A0067586F /* AddRoundViewController+setupui.swift */; };
		3E7E9B192C7DF5650067586F /* AddRoundViewController+Video.swift in Sources */ = {isa = PBXBuildFile; fileRef = 3E7E9B182C7DF5650067586F /* AddRoundViewController+Video.swift */; };
		3E7E9B1B2C7DF6480067586F /* AddRoundViewController+Actions.swift in Sources */ = {isa = PBXBuildFile; fileRef = 3E7E9B1A2C7DF6480067586F /* AddRoundViewController+Actions.swift */; };
		3E7E9B1E2C7DF7840067586F /* AddRoundViewController+Timer.swift in Sources */ = {isa = PBXBuildFile; fileRef = 3E7E9B1D2C7DF7840067586F /* AddRoundViewController+Timer.swift */; };
		3E7E9B202C7E08ED0067586F /* AddRoundViewController+Gestures.swift in Sources */ = {isa = PBXBuildFile; fileRef = 3E7E9B1F2C7E08ED0067586F /* AddRoundViewController+Gestures.swift */; };
		3E7E9B222C7FAB930067586F /* AddRoundViewController+finalizeRound.swift in Sources */ = {isa = PBXBuildFile; fileRef = 3E7E9B212C7FAB930067586F /* AddRoundViewController+finalizeRound.swift */; };
		3E7E9B372C86B8E20067586F /* AddRoundViewController+fcalculate+round+fight.swift in Sources */ = {isa = PBXBuildFile; fileRef = 3E7E9B362C86B8E20067586F /* AddRoundViewController+fcalculate+round+fight.swift */; };
		3E7E9B392C86BA1E0067586F /* actionwheelForIvr.swift in Sources */ = {isa = PBXBuildFile; fileRef = 3E7E9B382C86BA1E0067586F /* actionwheelForIvr.swift */; };
		3E84D9172C91191200C0BB2E /* FightResultViewController.swift in Sources */ = {isa = PBXBuildFile; fileRef = 3E84D9162C91191200C0BB2E /* FightResultViewController.swift */; };
		3E87E3292C56B94700D843E2 /* AppDelegate.swift in Sources */ = {isa = PBXBuildFile; fileRef = 3E87E3282C56B94700D843E2 /* AppDelegate.swift */; };
		3E87E32B2C56B94700D843E2 /* SceneDelegate.swift in Sources */ = {isa = PBXBuildFile; fileRef = 3E87E32A2C56B94700D843E2 /* SceneDelegate.swift */; };
		3E87E3322C56B94900D843E2 /* Assets.xcassets in Resources */ = {isa = PBXBuildFile; fileRef = 3E87E3312C56B94900D843E2 /* Assets.xcassets */; };
		3E87E3352C56B94900D843E2 /* Base in Resources */ = {isa = PBXBuildFile; fileRef = 3E87E3342C56B94900D843E2 /* Base */; };
		3E98A8732CAB0C8F00123F78 /* FirebaseAnalytics in Frameworks */ = {isa = PBXBuildFile; productRef = 3E98A8722CAB0C8F00123F78 /* FirebaseAnalytics */; };
		3E98A8752CAB0C8F00123F78 /* FirebaseAppCheck in Frameworks */ = {isa = PBXBuildFile; productRef = 3E98A8742CAB0C8F00123F78 /* FirebaseAppCheck */; };
		3E98A8772CAB0C8F00123F78 /* FirebaseAuth in Frameworks */ = {isa = PBXBuildFile; productRef = 3E98A8762CAB0C8F00123F78 /* FirebaseAuth */; };
		3E98A8792CAB0C8F00123F78 /* FirebaseCrashlytics in Frameworks */ = {isa = PBXBuildFile; productRef = 3E98A8782CAB0C8F00123F78 /* FirebaseCrashlytics */; };
		3E98A87B2CAB0C8F00123F78 /* FirebaseFirestore in Frameworks */ = {isa = PBXBuildFile; productRef = 3E98A87A2CAB0C8F00123F78 /* FirebaseFirestore */; };
		3E98A87D2CAB0C8F00123F78 /* FirebaseInstallations in Frameworks */ = {isa = PBXBuildFile; productRef = 3E98A87C2CAB0C8F00123F78 /* FirebaseInstallations */; };
		3E98A87F2CAB0C8F00123F78 /* FirebasePerformance in Frameworks */ = {isa = PBXBuildFile; productRef = 3E98A87E2CAB0C8F00123F78 /* FirebasePerformance */; };
		3E98A8812CAB0C8F00123F78 /* FirebaseStorage in Frameworks */ = {isa = PBXBuildFile; productRef = 3E98A8802CAB0C8F00123F78 /* FirebaseStorage */; };
		3E98A8842CAB227900123F78 /* Main.storyboard in Resources */ = {isa = PBXBuildFile; fileRef = 3E98A8832CAB227900123F78 /* Main.storyboard */; };
		3E98A8852CAB227900123F78 /* Main.storyboard in Resources */ = {isa = PBXBuildFile; fileRef = 3E98A8832CAB227900123F78 /* Main.storyboard */; };
		3E98BF8E2C8A579C00B8C859 /* AddRoundViewController+determineWinner.swift in Sources */ = {isa = PBXBuildFile; fileRef = 3E98BF8D2C8A579C00B8C859 /* AddRoundViewController+determineWinner.swift */; };
		3EABF45D2CA0FD5000F09559 /* RoundTests.swift in Sources */ = {isa = PBXBuildFile; fileRef = 3EABF45C2CA0FD5000F09559 /* RoundTests.swift */; };
		3EABF4632CA2082300F09559 /* FightDetailViewController.swift in Sources */ = {isa = PBXBuildFile; fileRef = 3EABF4622CA2082300F09559 /* FightDetailViewController.swift */; };
		3EABF4762CA417EE00F09559 /* FirebaseGeneralTests.swift in Sources */ = {isa = PBXBuildFile; fileRef = 3EABF4752CA417EE00F09559 /* FirebaseGeneralTests.swift */; };
		3EC508FE2CAAFAB00044FDCD /* SDWebImage in Frameworks */ = {isa = PBXBuildFile; productRef = 3EE5E4BB2CA9E28F00BAB683 /* SDWebImage */; };
		3EE3E2132CACB888001D684D /* GoogleService-Info.plist in Resources */ = {isa = PBXBuildFile; fileRef = 3E4D15052C5E523A00A3835A /* GoogleService-Info.plist */; };
		3EE3E2152CAD6CE5001D684D /* FightTests.swift in Sources */ = {isa = PBXBuildFile; fileRef = 3EE3E2142CAD6CE5001D684D /* FightTests.swift */; };
		3EE3E2172CAD6DC6001D684D /* EventTests.swift in Sources */ = {isa = PBXBuildFile; fileRef = 3EE3E2162CAD6DC6001D684D /* EventTests.swift */; };
		3EE3E2192CAD6FF4001D684D /* FighterTests.swift in Sources */ = {isa = PBXBuildFile; fileRef = 3EE3E2182CAD6FF4001D684D /* FighterTests.swift */; };
		3EE3E21B2CAD719C001D684D /* VideoTests.swift in Sources */ = {isa = PBXBuildFile; fileRef = 3EE3E21A2CAD719C001D684D /* VideoTests.swift */; };
		3EE3E21D2CAD74A2001D684D /* GraphConfigurationTests.swift in Sources */ = {isa = PBXBuildFile; fileRef = 3EE3E21C2CAD74A2001D684D /* GraphConfigurationTests.swift */; };
		3EE5E4912CA9E0CB00BAB683 /* CountryPickerView in Frameworks */ = {isa = PBXBuildFile; productRef = 3EE5E4902CA9E0CB00BAB683 /* CountryPickerView */; };
		3EE5E4942CA9E0F000BAB683 /* FlagKit in Frameworks */ = {isa = PBXBuildFile; productRef = 3EE5E4932CA9E0F000BAB683 /* FlagKit */; };
		3EE5E4972CA9E11900BAB683 /* DGCharts in Frameworks */ = {isa = PBXBuildFile; productRef = 3EE5E4962CA9E11900BAB683 /* DGCharts */; };
		3EE5E4BA2CA9E25200BAB683 /* SDWebImage in Frameworks */ = {isa = PBXBuildFile; productRef = 3EE5E4B92CA9E25200BAB683 /* SDWebImage */; };
/* End PBXBuildFile section */

/* Begin PBXContainerItemProxy section */
		3E87E33C2C56B94900D843E2 /* PBXContainerItemProxy */ = {
			isa = PBXContainerItemProxy;
			containerPortal = 3E87E31D2C56B94700D843E2 /* Project object */;
			proxyType = 1;
			remoteGlobalIDString = 3E87E3242C56B94700D843E2;
			remoteInfo = datafight;
		};
/* End PBXContainerItemProxy section */

/* Begin PBXFileReference section */
		3E044D582CA4ADFE00DA5EFA /* datafight.xctestplan */ = {isa = PBXFileReference; lastKnownFileType = text; path = datafight.xctestplan; sourceTree = "<group>"; };
		3E0DA3BB2C94FC0300F19853 /* FirebaseService+Fighter.swift .swift */ = {isa = PBXFileReference; lastKnownFileType = sourcecode.swift; path = "FirebaseService+Fighter.swift .swift"; sourceTree = "<group>"; };
		3E0DA3BD2C94FC5300F19853 /* FirebaseService+event.swift .swift */ = {isa = PBXFileReference; lastKnownFileType = sourcecode.swift; path = "FirebaseService+event.swift .swift"; sourceTree = "<group>"; };
		3E0DA3BF2C94FC8900F19853 /* FirebaseService+Fight.swift .swift */ = {isa = PBXFileReference; lastKnownFileType = sourcecode.swift; path = "FirebaseService+Fight.swift .swift"; sourceTree = "<group>"; };
		3E0DA3C12C94FCB900F19853 /* FirebaseService+Round.swift */ = {isa = PBXFileReference; lastKnownFileType = sourcecode.swift; path = "FirebaseService+Round.swift"; sourceTree = "<group>"; };
		3E0DA3C32C94FCE100F19853 /* FirebaseService+User.swift */ = {isa = PBXFileReference; lastKnownFileType = sourcecode.swift; path = "FirebaseService+User.swift"; sourceTree = "<group>"; };
		3E0DA3C52C94FCFD00F19853 /* FirebaseService+Video.swift */ = {isa = PBXFileReference; lastKnownFileType = sourcecode.swift; path = "FirebaseService+Video.swift"; sourceTree = "<group>"; };
		3E0DA3C72C95105200F19853 /* ArrayExtensions.swift */ = {isa = PBXFileReference; lastKnownFileType = sourcecode.swift; path = ArrayExtensions.swift; sourceTree = "<group>"; };
		3E0DA3C92C95121600F19853 /* FirebaseService+GraphConfiguration.swift */ = {isa = PBXFileReference; lastKnownFileType = sourcecode.swift; path = "FirebaseService+GraphConfiguration.swift"; sourceTree = "<group>"; };
		3E0F20C42C72588D002FA01B /* EventTableViewCell.swift */ = {isa = PBXFileReference; lastKnownFileType = sourcecode.swift; path = EventTableViewCell.swift; sourceTree = "<group>"; };
		3E0F20C62C7271A9002FA01B /* FightModel.swift */ = {isa = PBXFileReference; lastKnownFileType = sourcecode.swift; path = FightModel.swift; sourceTree = "<group>"; };
		3E0F20C82C72735C002FA01B /* FightCategories.swift */ = {isa = PBXFileReference; lastKnownFileType = sourcecode.swift; path = FightCategories.swift; sourceTree = "<group>"; };
		3E0F20CA2C727454002FA01B /* FightEditViewController.swift */ = {isa = PBXFileReference; lastKnownFileType = sourcecode.swift; path = FightEditViewController.swift; sourceTree = "<group>"; };
		3E0F20D02C72AE7D002FA01B /* FightTableViewCell.swift */ = {isa = PBXFileReference; lastKnownFileType = sourcecode.swift; path = FightTableViewCell.swift; sourceTree = "<group>"; };
		3E0F20D12C72AE7D002FA01B /* FightTableViewCell.xib */ = {isa = PBXFileReference; lastKnownFileType = file.xib; path = FightTableViewCell.xib; sourceTree = "<group>"; };
		3E21A5E72C8E279200ACDCA4 /* datafight.entitlements */ = {isa = PBXFileReference; lastKnownFileType = text.plist.entitlements; path = datafight.entitlements; sourceTree = "<group>"; };
		3E4D14FD2C5D91CC00A3835A /* FighterEditViewController.swift */ = {isa = PBXFileReference; lastKnownFileType = sourcecode.swift; path = FighterEditViewController.swift; sourceTree = "<group>"; };
		3E4D15052C5E523A00A3835A /* GoogleService-Info.plist */ = {isa = PBXFileReference; fileEncoding = 4; lastKnownFileType = text.plist.xml; path = "GoogleService-Info.plist"; sourceTree = "<group>"; };
		3E5E43FB2C9F457200145377 /* GraphCollectionViewCell.swift */ = {isa = PBXFileReference; lastKnownFileType = sourcecode.swift; path = GraphCollectionViewCell.swift; sourceTree = "<group>"; };
		3E5E43FD2C9F45B000145377 /* AnalysisDashboardViewController.swift */ = {isa = PBXFileReference; lastKnownFileType = sourcecode.swift; path = AnalysisDashboardViewController.swift; sourceTree = "<group>"; };
		3E5E43FF2C9F45E100145377 /* GraphConfiguration.swift */ = {isa = PBXFileReference; lastKnownFileType = sourcecode.swift; path = GraphConfiguration.swift; sourceTree = "<group>"; };
		3E5E44012C9F461900145377 /* FilterViewController.swift */ = {isa = PBXFileReference; lastKnownFileType = sourcecode.swift; path = FilterViewController.swift; sourceTree = "<group>"; };
		3E5F6E9C2C5EFB5800BC4746 /* SignUpViewController.swift */ = {isa = PBXFileReference; lastKnownFileType = sourcecode.swift; path = SignUpViewController.swift; sourceTree = "<group>"; };
		3E5F6EC42C5F04A200BC4746 /* FighterListViewController.swift */ = {isa = PBXFileReference; lastKnownFileType = sourcecode.swift; path = FighterListViewController.swift; sourceTree = "<group>"; };
		3E5F6EC82C5F04D200BC4746 /* LoginViewController.swift */ = {isa = PBXFileReference; lastKnownFileType = sourcecode.swift; path = LoginViewController.swift; sourceTree = "<group>"; };
		3E5F6ECA2C5F04EE00BC4746 /* FightListViewController.swift */ = {isa = PBXFileReference; lastKnownFileType = sourcecode.swift; path = FightListViewController.swift; sourceTree = "<group>"; };
		3E5F6ECE2C5F064500BC4746 /* FighterDetailViewController.swift */ = {isa = PBXFileReference; lastKnownFileType = sourcecode.swift; path = FighterDetailViewController.swift; sourceTree = "<group>"; };
		3E5F6ED02C5F069600BC4746 /* EventDetailViewController.swift */ = {isa = PBXFileReference; lastKnownFileType = sourcecode.swift; path = EventDetailViewController.swift; sourceTree = "<group>"; };
		3E5F6ED22C5F06C200BC4746 /* EventEditViewController.swift */ = {isa = PBXFileReference; lastKnownFileType = sourcecode.swift; path = EventEditViewController.swift; sourceTree = "<group>"; };
		3E5F6ED42C5F0A0C00BC4746 /* UserProfileViewController.swift */ = {isa = PBXFileReference; lastKnownFileType = sourcecode.swift; path = UserProfileViewController.swift; sourceTree = "<group>"; };
		3E5F6ED92C5F788400BC4746 /* UIKit+Extensions.swift */ = {isa = PBXFileReference; lastKnownFileType = sourcecode.swift; path = "UIKit+Extensions.swift"; sourceTree = "<group>"; };
		3E6133322C6E4EF70060D6E6 /* LogoutViewController.swift */ = {isa = PBXFileReference; lastKnownFileType = sourcecode.swift; path = LogoutViewController.swift; sourceTree = "<group>"; };
		3E6133342C6EC4730060D6E6 /* UserEditViewController.swift */ = {isa = PBXFileReference; lastKnownFileType = sourcecode.swift; path = UserEditViewController.swift; sourceTree = "<group>"; };
		3E6133372C6EC5290060D6E6 /* UserModel.swift */ = {isa = PBXFileReference; lastKnownFileType = sourcecode.swift; path = UserModel.swift; sourceTree = "<group>"; };
		3E6133392C6EC5680060D6E6 /* FirebaseService.swift */ = {isa = PBXFileReference; lastKnownFileType = sourcecode.swift; path = FirebaseService.swift; sourceTree = "<group>"; };
		3E6133472C6FF1460060D6E6 /* CardView.swift */ = {isa = PBXFileReference; lastKnownFileType = sourcecode.swift; path = CardView.swift; sourceTree = "<group>"; };
		3E6133492C700F2B0060D6E6 /* FighterModel.swift */ = {isa = PBXFileReference; lastKnownFileType = sourcecode.swift; path = FighterModel.swift; sourceTree = "<group>"; };
		3E61334D2C70224C0060D6E6 /* FighterTableViewCell.swift */ = {isa = PBXFileReference; lastKnownFileType = sourcecode.swift; path = FighterTableViewCell.swift; sourceTree = "<group>"; };
		3E61334E2C70224C0060D6E6 /* FighterTableViewCell.xib */ = {isa = PBXFileReference; lastKnownFileType = file.xib; path = FighterTableViewCell.xib; sourceTree = "<group>"; };
		3E6133512C7142250060D6E6 /* EventModel.swift */ = {isa = PBXFileReference; lastKnownFileType = sourcecode.swift; path = EventModel.swift; sourceTree = "<group>"; };
		3E6848D22CA9695B00EF01A6 /* testVideo.mp4 */ = {isa = PBXFileReference; lastKnownFileType = file; path = testVideo.mp4; sourceTree = "<group>"; };
		3E79A2522C7164BF00A64EE3 /* EventListViewController.swift */ = {isa = PBXFileReference; lastKnownFileType = sourcecode.swift; path = EventListViewController.swift; sourceTree = "<group>"; };
		3E7E9AD12C780F470067586F /* AddRoundViewController.swift */ = {isa = PBXFileReference; lastKnownFileType = sourcecode.swift; path = AddRoundViewController.swift; sourceTree = "<group>"; };
		3E7E9AD32C7836C70067586F /* RoundModel.swift */ = {isa = PBXFileReference; lastKnownFileType = sourcecode.swift; path = RoundModel.swift; sourceTree = "<group>"; };
		3E7E9B0C2C7949250067586F /* ActionWheelView.swift */ = {isa = PBXFileReference; lastKnownFileType = sourcecode.swift; path = ActionWheelView.swift; sourceTree = "<group>"; };
		3E7E9B0E2C7BFA4D0067586F /* ActionPickerView.swift */ = {isa = PBXFileReference; lastKnownFileType = sourcecode.swift; path = ActionPickerView.swift; sourceTree = "<group>"; };
		3E7E9B102C7CFB710067586F /* VideoModel.swift */ = {isa = PBXFileReference; lastKnownFileType = sourcecode.swift; path = VideoModel.swift; sourceTree = "<group>"; };
		3E7E9B122C7CFBDC0067586F /* VideoPlayerView.swift */ = {isa = PBXFileReference; lastKnownFileType = sourcecode.swift; path = VideoPlayerView.swift; sourceTree = "<group>"; };
		3E7E9B162C7DF42A0067586F /* AddRoundViewController+setupui.swift */ = {isa = PBXFileReference; lastKnownFileType = sourcecode.swift; path = "AddRoundViewController+setupui.swift"; sourceTree = "<group>"; };
		3E7E9B182C7DF5650067586F /* AddRoundViewController+Video.swift */ = {isa = PBXFileReference; lastKnownFileType = sourcecode.swift; path = "AddRoundViewController+Video.swift"; sourceTree = "<group>"; };
		3E7E9B1A2C7DF6480067586F /* AddRoundViewController+Actions.swift */ = {isa = PBXFileReference; lastKnownFileType = sourcecode.swift; path = "AddRoundViewController+Actions.swift"; sourceTree = "<group>"; };
		3E7E9B1D2C7DF7840067586F /* AddRoundViewController+Timer.swift */ = {isa = PBXFileReference; lastKnownFileType = sourcecode.swift; path = "AddRoundViewController+Timer.swift"; sourceTree = "<group>"; };
		3E7E9B1F2C7E08ED0067586F /* AddRoundViewController+Gestures.swift */ = {isa = PBXFileReference; lastKnownFileType = sourcecode.swift; path = "AddRoundViewController+Gestures.swift"; sourceTree = "<group>"; };
		3E7E9B212C7FAB930067586F /* AddRoundViewController+finalizeRound.swift */ = {isa = PBXFileReference; lastKnownFileType = sourcecode.swift; path = "AddRoundViewController+finalizeRound.swift"; sourceTree = "<group>"; };
		3E7E9B362C86B8E20067586F /* AddRoundViewController+fcalculate+round+fight.swift */ = {isa = PBXFileReference; lastKnownFileType = sourcecode.swift; path = "AddRoundViewController+fcalculate+round+fight.swift"; sourceTree = "<group>"; };
		3E7E9B382C86BA1E0067586F /* actionwheelForIvr.swift */ = {isa = PBXFileReference; lastKnownFileType = sourcecode.swift; path = actionwheelForIvr.swift; sourceTree = "<group>"; };
		3E84D9162C91191200C0BB2E /* FightResultViewController.swift */ = {isa = PBXFileReference; lastKnownFileType = sourcecode.swift; path = FightResultViewController.swift; sourceTree = "<group>"; };
		3E87E3252C56B94700D843E2 /* datafight.app */ = {isa = PBXFileReference; explicitFileType = wrapper.application; includeInIndex = 0; path = datafight.app; sourceTree = BUILT_PRODUCTS_DIR; };
		3E87E3282C56B94700D843E2 /* AppDelegate.swift */ = {isa = PBXFileReference; lastKnownFileType = sourcecode.swift; path = AppDelegate.swift; sourceTree = "<group>"; };
		3E87E32A2C56B94700D843E2 /* SceneDelegate.swift */ = {isa = PBXFileReference; lastKnownFileType = sourcecode.swift; path = SceneDelegate.swift; sourceTree = "<group>"; };
		3E87E3312C56B94900D843E2 /* Assets.xcassets */ = {isa = PBXFileReference; lastKnownFileType = folder.assetcatalog; path = Assets.xcassets; sourceTree = "<group>"; };
		3E87E3342C56B94900D843E2 /* Base */ = {isa = PBXFileReference; lastKnownFileType = file.storyboard; name = Base; path = Base.lproj/LaunchScreen.storyboard; sourceTree = "<group>"; };
		3E87E3362C56B94900D843E2 /* Info.plist */ = {isa = PBXFileReference; lastKnownFileType = text.plist.xml; path = Info.plist; sourceTree = "<group>"; };
		3E87E33B2C56B94900D843E2 /* datafightTests.xctest */ = {isa = PBXFileReference; explicitFileType = wrapper.cfbundle; includeInIndex = 0; path = datafightTests.xctest; sourceTree = BUILT_PRODUCTS_DIR; };
		3E98A8832CAB227900123F78 /* Main.storyboard */ = {isa = PBXFileReference; lastKnownFileType = file.storyboard; path = Main.storyboard; sourceTree = "<group>"; };
		3E98BF8D2C8A579C00B8C859 /* AddRoundViewController+determineWinner.swift */ = {isa = PBXFileReference; lastKnownFileType = sourcecode.swift; path = "AddRoundViewController+determineWinner.swift"; sourceTree = "<group>"; };
		3EABF45C2CA0FD5000F09559 /* RoundTests.swift */ = {isa = PBXFileReference; lastKnownFileType = sourcecode.swift; path = RoundTests.swift; sourceTree = "<group>"; };
		3EABF4622CA2082300F09559 /* FightDetailViewController.swift */ = {isa = PBXFileReference; lastKnownFileType = sourcecode.swift; path = FightDetailViewController.swift; sourceTree = "<group>"; };
		3EABF4752CA417EE00F09559 /* FirebaseGeneralTests.swift */ = {isa = PBXFileReference; lastKnownFileType = sourcecode.swift; path = FirebaseGeneralTests.swift; sourceTree = "<group>"; };
		3EE3E2142CAD6CE5001D684D /* FightTests.swift */ = {isa = PBXFileReference; lastKnownFileType = sourcecode.swift; path = FightTests.swift; sourceTree = "<group>"; };
		3EE3E2162CAD6DC6001D684D /* EventTests.swift */ = {isa = PBXFileReference; lastKnownFileType = sourcecode.swift; path = EventTests.swift; sourceTree = "<group>"; };
		3EE3E2182CAD6FF4001D684D /* FighterTests.swift */ = {isa = PBXFileReference; lastKnownFileType = sourcecode.swift; path = FighterTests.swift; sourceTree = "<group>"; };
		3EE3E21A2CAD719C001D684D /* VideoTests.swift */ = {isa = PBXFileReference; lastKnownFileType = sourcecode.swift; path = VideoTests.swift; sourceTree = "<group>"; };
		3EE3E21C2CAD74A2001D684D /* GraphConfigurationTests.swift */ = {isa = PBXFileReference; lastKnownFileType = sourcecode.swift; path = GraphConfigurationTests.swift; sourceTree = "<group>"; };
/* End PBXFileReference section */

/* Begin PBXFrameworksBuildPhase section */
		3E87E3222C56B94700D843E2 /* Frameworks */ = {
			isa = PBXFrameworksBuildPhase;
			buildActionMask = 2147483647;
			files = (
				3E98A87F2CAB0C8F00123F78 /* FirebasePerformance in Frameworks */,
				3EE5E4912CA9E0CB00BAB683 /* CountryPickerView in Frameworks */,
				3EE5E4972CA9E11900BAB683 /* DGCharts in Frameworks */,
				3EE5E4BA2CA9E25200BAB683 /* SDWebImage in Frameworks */,
				3E98A8732CAB0C8F00123F78 /* FirebaseAnalytics in Frameworks */,
				3E98A8812CAB0C8F00123F78 /* FirebaseStorage in Frameworks */,
				3E98A8752CAB0C8F00123F78 /* FirebaseAppCheck in Frameworks */,
				3E98A87B2CAB0C8F00123F78 /* FirebaseFirestore in Frameworks */,
				3E98A8792CAB0C8F00123F78 /* FirebaseCrashlytics in Frameworks */,
				3E98A8772CAB0C8F00123F78 /* FirebaseAuth in Frameworks */,
				3EE5E4942CA9E0F000BAB683 /* FlagKit in Frameworks */,
				3E98A87D2CAB0C8F00123F78 /* FirebaseInstallations in Frameworks */,
			);
			runOnlyForDeploymentPostprocessing = 0;
		};
		3E87E3382C56B94900D843E2 /* Frameworks */ = {
			isa = PBXFrameworksBuildPhase;
			buildActionMask = 2147483647;
			files = (
				3EC508FE2CAAFAB00044FDCD /* SDWebImage in Frameworks */,
			);
			runOnlyForDeploymentPostprocessing = 0;
		};
/* End PBXFrameworksBuildPhase section */

/* Begin PBXGroup section */
		3E044D592CA4AFE500DA5EFA /* Frameworks */ = {
			isa = PBXGroup;
			children = (
			);
			name = Frameworks;
			sourceTree = "<group>";
		};
		3E0DA3AC2C939A3E00F19853 /* analyse */ = {
			isa = PBXGroup;
			children = (
				3E5E43FB2C9F457200145377 /* GraphCollectionViewCell.swift */,
				3E5E43FD2C9F45B000145377 /* AnalysisDashboardViewController.swift */,
				3E5E44012C9F461900145377 /* FilterViewController.swift */,
			);
			path = analyse;
			sourceTree = "<group>";
		};
		3E4D14FC2C5D91A100A3835A /* Controller */ = {
			isa = PBXGroup;
			children = (
				3E98BF832C89D89D00B8C859 /* FIGHT */,
				3E0DA3AC2C939A3E00F19853 /* analyse */,
				3E98BF852C89D8F000B8C859 /* USER */,
				3E98BF842C89D8DD00B8C859 /* LOGIN */,
				3E98BF822C89D86300B8C859 /* FIGHTER */,
				3E98BF812C89D85100B8C859 /* EVENT */,
				3E7E9B152C7DF3E60067586F /* AddRound */,
			);
			path = Controller;
			sourceTree = "<group>";
		};
		3E5F6ED62C5F785000BC4746 /* utils */ = {
			isa = PBXGroup;
			children = (
				3E7E9B0E2C7BFA4D0067586F /* ActionPickerView.swift */,
				3E87E3312C56B94900D843E2 /* Assets.xcassets */,
				3E5F6ED92C5F788400BC4746 /* UIKit+Extensions.swift */,
				3E6133472C6FF1460060D6E6 /* CardView.swift */,
				3E0F20C82C72735C002FA01B /* FightCategories.swift */,
				3E0DA3C72C95105200F19853 /* ArrayExtensions.swift */,
			);
			path = utils;
			sourceTree = "<group>";
		};
		3E6133362C6EC4FD0060D6E6 /* model */ = {
			isa = PBXGroup;
			children = (
				3E6133372C6EC5290060D6E6 /* UserModel.swift */,
				3E6133392C6EC5680060D6E6 /* FirebaseService.swift */,
				3E6133492C700F2B0060D6E6 /* FighterModel.swift */,
				3E6133512C7142250060D6E6 /* EventModel.swift */,
				3E0F20C62C7271A9002FA01B /* FightModel.swift */,
				3E7E9AD32C7836C70067586F /* RoundModel.swift */,
				3E7E9B102C7CFB710067586F /* VideoModel.swift */,
				3E0DA3BB2C94FC0300F19853 /* FirebaseService+Fighter.swift .swift */,
				3E0DA3BD2C94FC5300F19853 /* FirebaseService+event.swift .swift */,
				3E0DA3BF2C94FC8900F19853 /* FirebaseService+Fight.swift .swift */,
				3E0DA3C12C94FCB900F19853 /* FirebaseService+Round.swift */,
				3E0DA3C32C94FCE100F19853 /* FirebaseService+User.swift */,
				3E0DA3C52C94FCFD00F19853 /* FirebaseService+Video.swift */,
				3E0DA3C92C95121600F19853 /* FirebaseService+GraphConfiguration.swift */,
				3E5E43FF2C9F45E100145377 /* GraphConfiguration.swift */,
			);
			path = model;
			sourceTree = "<group>";
		};
		3E7E9B152C7DF3E60067586F /* AddRound */ = {
			isa = PBXGroup;
			children = (
				3E7E9B122C7CFBDC0067586F /* VideoPlayerView.swift */,
				3E7E9AD12C780F470067586F /* AddRoundViewController.swift */,
				3E7E9B162C7DF42A0067586F /* AddRoundViewController+setupui.swift */,
				3E7E9B182C7DF5650067586F /* AddRoundViewController+Video.swift */,
				3E7E9B1A2C7DF6480067586F /* AddRoundViewController+Actions.swift */,
				3E7E9B1D2C7DF7840067586F /* AddRoundViewController+Timer.swift */,
				3E7E9B1F2C7E08ED0067586F /* AddRoundViewController+Gestures.swift */,
				3E7E9B212C7FAB930067586F /* AddRoundViewController+finalizeRound.swift */,
				3E7E9B362C86B8E20067586F /* AddRoundViewController+fcalculate+round+fight.swift */,
				3E7E9B382C86BA1E0067586F /* actionwheelForIvr.swift */,
				3E98BF8D2C8A579C00B8C859 /* AddRoundViewController+determineWinner.swift */,
			);
			path = AddRound;
			sourceTree = "<group>";
		};
		3E87E31C2C56B94700D843E2 = {
			isa = PBXGroup;
			children = (
				3E4D15052C5E523A00A3835A /* GoogleService-Info.plist */,
				3E044D582CA4ADFE00DA5EFA /* datafight.xctestplan */,
				3E87E3272C56B94700D843E2 /* datafight */,
				3E87E33E2C56B94900D843E2 /* datafightTests */,
				3E87E3262C56B94700D843E2 /* Products */,
				3E044D592CA4AFE500DA5EFA /* Frameworks */,
			);
			sourceTree = "<group>";
		};
		3E87E3262C56B94700D843E2 /* Products */ = {
			isa = PBXGroup;
			children = (
				3E87E3252C56B94700D843E2 /* datafight.app */,
				3E87E33B2C56B94900D843E2 /* datafightTests.xctest */,
			);
			name = Products;
			sourceTree = "<group>";
		};
		3E87E3272C56B94700D843E2 /* datafight */ = {
			isa = PBXGroup;
			children = (
				3E21A5E72C8E279200ACDCA4 /* datafight.entitlements */,
				3E98BF862C89D92F00B8C859 /* VIEW */,
				3E4D14FC2C5D91A100A3835A /* Controller */,
				3E6133362C6EC4FD0060D6E6 /* model */,
				3E5F6ED62C5F785000BC4746 /* utils */,
				3E98A8832CAB227900123F78 /* Main.storyboard */,
				3E87E3362C56B94900D843E2 /* Info.plist */,
				3E7E9B0C2C7949250067586F /* ActionWheelView.swift */,
			);
			path = datafight;
			sourceTree = "<group>";
		};
		3E87E33E2C56B94900D843E2 /* datafightTests */ = {
			isa = PBXGroup;
			children = (
				3EE3E21C2CAD74A2001D684D /* GraphConfigurationTests.swift */,
				3EE3E21A2CAD719C001D684D /* VideoTests.swift */,
				3EE3E2182CAD6FF4001D684D /* FighterTests.swift */,
				3EE3E2162CAD6DC6001D684D /* EventTests.swift */,
				3EE3E2142CAD6CE5001D684D /* FightTests.swift */,
				3E6848D22CA9695B00EF01A6 /* testVideo.mp4 */,
				3EABF4752CA417EE00F09559 /* FirebaseGeneralTests.swift */,
				3EABF45C2CA0FD5000F09559 /* RoundTests.swift */,
			);
			path = datafightTests;
			sourceTree = "<group>";
		};
		3E98BF812C89D85100B8C859 /* EVENT */ = {
			isa = PBXGroup;
			children = (
				3E5F6ED22C5F06C200BC4746 /* EventEditViewController.swift */,
				3E5F6ED02C5F069600BC4746 /* EventDetailViewController.swift */,
				3E79A2522C7164BF00A64EE3 /* EventListViewController.swift */,
				3E0F20C42C72588D002FA01B /* EventTableViewCell.swift */,
			);
			path = EVENT;
			sourceTree = "<group>";
		};
		3E98BF822C89D86300B8C859 /* FIGHTER */ = {
			isa = PBXGroup;
			children = (
				3E4D14FD2C5D91CC00A3835A /* FighterEditViewController.swift */,
				3E5F6EC42C5F04A200BC4746 /* FighterListViewController.swift */,
				3E5F6ECE2C5F064500BC4746 /* FighterDetailViewController.swift */,
				3E61334D2C70224C0060D6E6 /* FighterTableViewCell.swift */,
			);
			path = FIGHTER;
			sourceTree = "<group>";
		};
		3E98BF832C89D89D00B8C859 /* FIGHT */ = {
			isa = PBXGroup;
			children = (
				3E0F20D02C72AE7D002FA01B /* FightTableViewCell.swift */,
				3E0F20CA2C727454002FA01B /* FightEditViewController.swift */,
				3E5F6ECA2C5F04EE00BC4746 /* FightListViewController.swift */,
				3E84D9162C91191200C0BB2E /* FightResultViewController.swift */,
				3EABF4622CA2082300F09559 /* FightDetailViewController.swift */,
			);
			path = FIGHT;
			sourceTree = "<group>";
		};
		3E98BF842C89D8DD00B8C859 /* LOGIN */ = {
			isa = PBXGroup;
			children = (
				3E5F6E9C2C5EFB5800BC4746 /* SignUpViewController.swift */,
				3E6133322C6E4EF70060D6E6 /* LogoutViewController.swift */,
				3E5F6EC82C5F04D200BC4746 /* LoginViewController.swift */,
			);
			path = LOGIN;
			sourceTree = "<group>";
		};
		3E98BF852C89D8F000B8C859 /* USER */ = {
			isa = PBXGroup;
			children = (
				3E5F6ED42C5F0A0C00BC4746 /* UserProfileViewController.swift */,
				3E6133342C6EC4730060D6E6 /* UserEditViewController.swift */,
			);
			path = USER;
			sourceTree = "<group>";
		};
		3E98BF862C89D92F00B8C859 /* VIEW */ = {
			isa = PBXGroup;
			children = (
				3E61334E2C70224C0060D6E6 /* FighterTableViewCell.xib */,
				3E0F20D12C72AE7D002FA01B /* FightTableViewCell.xib */,
				3E87E3332C56B94900D843E2 /* LaunchScreen.storyboard */,
				3E87E3282C56B94700D843E2 /* AppDelegate.swift */,
				3E87E32A2C56B94700D843E2 /* SceneDelegate.swift */,
			);
			path = VIEW;
			sourceTree = "<group>";
		};
/* End PBXGroup section */

/* Begin PBXNativeTarget section */
		3E87E3242C56B94700D843E2 /* datafight */ = {
			isa = PBXNativeTarget;
			buildConfigurationList = 3E87E34F2C56B94900D843E2 /* Build configuration list for PBXNativeTarget "datafight" */;
			buildPhases = (
				3E87E3212C56B94700D843E2 /* Sources */,
				3E87E3222C56B94700D843E2 /* Frameworks */,
				3E87E3232C56B94700D843E2 /* Resources */,
			);
			buildRules = (
			);
			dependencies = (
			);
			name = datafight;
			packageProductDependencies = (
				3EE5E4902CA9E0CB00BAB683 /* CountryPickerView */,
				3EE5E4932CA9E0F000BAB683 /* FlagKit */,
				3EE5E4962CA9E11900BAB683 /* DGCharts */,
				3EE5E4B92CA9E25200BAB683 /* SDWebImage */,
				3E98A8722CAB0C8F00123F78 /* FirebaseAnalytics */,
				3E98A8742CAB0C8F00123F78 /* FirebaseAppCheck */,
				3E98A8762CAB0C8F00123F78 /* FirebaseAuth */,
				3E98A8782CAB0C8F00123F78 /* FirebaseCrashlytics */,
				3E98A87A2CAB0C8F00123F78 /* FirebaseFirestore */,
				3E98A87C2CAB0C8F00123F78 /* FirebaseInstallations */,
				3E98A87E2CAB0C8F00123F78 /* FirebasePerformance */,
				3E98A8802CAB0C8F00123F78 /* FirebaseStorage */,
			);
			productName = datafight;
			productReference = 3E87E3252C56B94700D843E2 /* datafight.app */;
			productType = "com.apple.product-type.application";
		};
		3E87E33A2C56B94900D843E2 /* datafightTests */ = {
			isa = PBXNativeTarget;
			buildConfigurationList = 3E87E3522C56B94900D843E2 /* Build configuration list for PBXNativeTarget "datafightTests" */;
			buildPhases = (
				3E87E3372C56B94900D843E2 /* Sources */,
				3E87E3382C56B94900D843E2 /* Frameworks */,
				3E87E3392C56B94900D843E2 /* Resources */,
			);
			buildRules = (
			);
			dependencies = (
				3E87E33D2C56B94900D843E2 /* PBXTargetDependency */,
			);
			name = datafightTests;
			packageProductDependencies = (
				3EE5E4BB2CA9E28F00BAB683 /* SDWebImage */,
			);
			productName = datafightTests;
			productReference = 3E87E33B2C56B94900D843E2 /* datafightTests.xctest */;
			productType = "com.apple.product-type.bundle.unit-test";
		};
/* End PBXNativeTarget section */

/* Begin PBXProject section */
		3E87E31D2C56B94700D843E2 /* Project object */ = {
			isa = PBXProject;
			attributes = {
				BuildIndependentTargetsInParallel = 1;
				LastSwiftUpdateCheck = 1540;
				LastUpgradeCheck = 1600;
				TargetAttributes = {
					3E87E3242C56B94700D843E2 = {
						CreatedOnToolsVersion = 15.4;
					};
					3E87E33A2C56B94900D843E2 = {
						CreatedOnToolsVersion = 15.4;
						LastSwiftMigration = 1540;
						TestTargetID = 3E87E3242C56B94700D843E2;
					};
				};
			};
			buildConfigurationList = 3E87E3202C56B94700D843E2 /* Build configuration list for PBXProject "datafight" */;
			compatibilityVersion = "Xcode 14.0";
			developmentRegion = en;
			hasScannedForEncodings = 0;
			knownRegions = (
				en,
				Base,
			);
			mainGroup = 3E87E31C2C56B94700D843E2;
			packageReferences = (
				3EE5E48F2CA9E0CB00BAB683 /* XCRemoteSwiftPackageReference "CountryPickerView" */,
				3EE5E4922CA9E0F000BAB683 /* XCRemoteSwiftPackageReference "FlagKit" */,
				3EE5E4952CA9E11900BAB683 /* XCRemoteSwiftPackageReference "Charts" */,
				3EE5E4B82CA9E25200BAB683 /* XCRemoteSwiftPackageReference "SDWebImage" */,
				3E98A8712CAAFD6F00123F78 /* XCRemoteSwiftPackageReference "firebase-ios-sdk" */,
			);
			productRefGroup = 3E87E3262C56B94700D843E2 /* Products */;
			projectDirPath = "";
			projectRoot = "";
			targets = (
				3E87E3242C56B94700D843E2 /* datafight */,
				3E87E33A2C56B94900D843E2 /* datafightTests */,
			);
		};
/* End PBXProject section */

/* Begin PBXResourcesBuildPhase section */
		3E87E3232C56B94700D843E2 /* Resources */ = {
			isa = PBXResourcesBuildPhase;
			buildActionMask = 2147483647;
			files = (
				3E98A8852CAB227900123F78 /* Main.storyboard in Resources */,
				3E0F20D22C72AE7D002FA01B /* FightTableViewCell.xib in Resources */,
				3E87E3322C56B94900D843E2 /* Assets.xcassets in Resources */,
				3E87E3352C56B94900D843E2 /* Base in Resources */,
				3E4D15062C5E523A00A3835A /* GoogleService-Info.plist in Resources */,
				3E61334F2C70224C0060D6E6 /* FighterTableViewCell.xib in Resources */,
			);
			runOnlyForDeploymentPostprocessing = 0;
		};
		3E87E3392C56B94900D843E2 /* Resources */ = {
			isa = PBXResourcesBuildPhase;
			buildActionMask = 2147483647;
			files = (
				3E6848D12CA788F500EF01A6 /* Assets.xcassets in Resources */,
				3EE3E2132CACB888001D684D /* GoogleService-Info.plist in Resources */,
				3E6848D32CA9695C00EF01A6 /* testVideo.mp4 in Resources */,
				3E98A8842CAB227900123F78 /* Main.storyboard in Resources */,
			);
			runOnlyForDeploymentPostprocessing = 0;
		};
/* End PBXResourcesBuildPhase section */

/* Begin PBXSourcesBuildPhase section */
		3E87E3212C56B94700D843E2 /* Sources */ = {
			isa = PBXSourcesBuildPhase;
			buildActionMask = 2147483647;
			files = (
				3E0F20C52C72588D002FA01B /* EventTableViewCell.swift in Sources */,
				3E7E9B1E2C7DF7840067586F /* AddRoundViewController+Timer.swift in Sources */,
				3E0DA3C22C94FCB900F19853 /* FirebaseService+Round.swift in Sources */,
				3E0DA3CA2C95121600F19853 /* FirebaseService+GraphConfiguration.swift in Sources */,
				3E98BF8E2C8A579C00B8C859 /* AddRoundViewController+determineWinner.swift in Sources */,
				3E7E9B192C7DF5650067586F /* AddRoundViewController+Video.swift in Sources */,
				3E4D14FE2C5D91CC00A3835A /* FighterEditViewController.swift in Sources */,
				3E7E9AD42C7836C70067586F /* RoundModel.swift in Sources */,
				3E7E9B202C7E08ED0067586F /* AddRoundViewController+Gestures.swift in Sources */,
				3E6133502C70224C0060D6E6 /* FighterTableViewCell.swift in Sources */,
				3E5F6ECB2C5F04EE00BC4746 /* FightListViewController.swift in Sources */,
				3E5F6EC52C5F04A200BC4746 /* FighterListViewController.swift in Sources */,
				3E0DA3C82C95105200F19853 /* ArrayExtensions.swift in Sources */,
				3E87E3292C56B94700D843E2 /* AppDelegate.swift in Sources */,
				3E61334A2C700F2B0060D6E6 /* FighterModel.swift in Sources */,
				3E0DA3BC2C94FC0300F19853 /* FirebaseService+Fighter.swift .swift in Sources */,
				3E7E9AD22C780F470067586F /* AddRoundViewController.swift in Sources */,
				3E5F6ED12C5F069600BC4746 /* EventDetailViewController.swift in Sources */,
				3E5F6EC92C5F04D200BC4746 /* LoginViewController.swift in Sources */,
				3E7E9B0F2C7BFA4E0067586F /* ActionPickerView.swift in Sources */,
				3E87E32B2C56B94700D843E2 /* SceneDelegate.swift in Sources */,
				3EABF4632CA2082300F09559 /* FightDetailViewController.swift in Sources */,
				3E7E9B372C86B8E20067586F /* AddRoundViewController+fcalculate+round+fight.swift in Sources */,
				3E7E9B392C86BA1E0067586F /* actionwheelForIvr.swift in Sources */,
				3E7E9B222C7FAB930067586F /* AddRoundViewController+finalizeRound.swift in Sources */,
				3E0F20C92C72735C002FA01B /* FightCategories.swift in Sources */,
				3E5F6EDA2C5F788400BC4746 /* UIKit+Extensions.swift in Sources */,
				3E5E43FE2C9F45B000145377 /* AnalysisDashboardViewController.swift in Sources */,
				3E61333A2C6EC5680060D6E6 /* FirebaseService.swift in Sources */,
				3E5F6ED52C5F0A0C00BC4746 /* UserProfileViewController.swift in Sources */,
				3E7E9B172C7DF42A0067586F /* AddRoundViewController+setupui.swift in Sources */,
				3E0F20D32C72AE7D002FA01B /* FightTableViewCell.swift in Sources */,
				3E5E43FC2C9F457200145377 /* GraphCollectionViewCell.swift in Sources */,
				3E0F20C72C7271A9002FA01B /* FightModel.swift in Sources */,
				3E5F6ED32C5F06C200BC4746 /* EventEditViewController.swift in Sources */,
				3E84D9172C91191200C0BB2E /* FightResultViewController.swift in Sources */,
				3E0DA3BE2C94FC5300F19853 /* FirebaseService+event.swift .swift in Sources */,
				3E0DA3C62C94FCFD00F19853 /* FirebaseService+Video.swift in Sources */,
				3E6133522C7142250060D6E6 /* EventModel.swift in Sources */,
				3E79A2532C7164BF00A64EE3 /* EventListViewController.swift in Sources */,
				3E0DA3C42C94FCE100F19853 /* FirebaseService+User.swift in Sources */,
				3E5E44022C9F461900145377 /* FilterViewController.swift in Sources */,
				3E7E9B112C7CFB710067586F /* VideoModel.swift in Sources */,
				3E0F20CB2C727454002FA01B /* FightEditViewController.swift in Sources */,
				3E5F6ECF2C5F064500BC4746 /* FighterDetailViewController.swift in Sources */,
				3E6133482C6FF1470060D6E6 /* CardView.swift in Sources */,
				3E0DA3C02C94FC8900F19853 /* FirebaseService+Fight.swift .swift in Sources */,
				3E6133352C6EC4730060D6E6 /* UserEditViewController.swift in Sources */,
				3E6133332C6E4EF70060D6E6 /* LogoutViewController.swift in Sources */,
				3E7E9B1B2C7DF6480067586F /* AddRoundViewController+Actions.swift in Sources */,
				3E6133382C6EC5290060D6E6 /* UserModel.swift in Sources */,
				3E7E9B0D2C7949250067586F /* ActionWheelView.swift in Sources */,
				3E5F6E9D2C5EFB5800BC4746 /* SignUpViewController.swift in Sources */,
				3E7E9B132C7CFBDC0067586F /* VideoPlayerView.swift in Sources */,
				3E5E44002C9F45E100145377 /* GraphConfiguration.swift in Sources */,
			);
			runOnlyForDeploymentPostprocessing = 0;
		};
		3E87E3372C56B94900D843E2 /* Sources */ = {
			isa = PBXSourcesBuildPhase;
			buildActionMask = 2147483647;
			files = (
				3EE3E2172CAD6DC6001D684D /* EventTests.swift in Sources */,
				3EABF45D2CA0FD5000F09559 /* RoundTests.swift in Sources */,
				3EE3E2192CAD6FF4001D684D /* FighterTests.swift in Sources */,
				3EE3E21D2CAD74A2001D684D /* GraphConfigurationTests.swift in Sources */,
				3EE3E21B2CAD719C001D684D /* VideoTests.swift in Sources */,
				3EE3E2152CAD6CE5001D684D /* FightTests.swift in Sources */,
				3EABF4762CA417EE00F09559 /* FirebaseGeneralTests.swift in Sources */,
			);
			runOnlyForDeploymentPostprocessing = 0;
		};
/* End PBXSourcesBuildPhase section */

/* Begin PBXTargetDependency section */
		3E87E33D2C56B94900D843E2 /* PBXTargetDependency */ = {
			isa = PBXTargetDependency;
			target = 3E87E3242C56B94700D843E2 /* datafight */;
			targetProxy = 3E87E33C2C56B94900D843E2 /* PBXContainerItemProxy */;
		};
/* End PBXTargetDependency section */

/* Begin PBXVariantGroup section */
		3E87E3332C56B94900D843E2 /* LaunchScreen.storyboard */ = {
			isa = PBXVariantGroup;
			children = (
				3E87E3342C56B94900D843E2 /* Base */,
			);
			name = LaunchScreen.storyboard;
			sourceTree = "<group>";
		};
/* End PBXVariantGroup section */

/* Begin XCBuildConfiguration section */
		3E87E34D2C56B94900D843E2 /* Debug */ = {
			isa = XCBuildConfiguration;
			buildSettings = {
				ALWAYS_SEARCH_USER_PATHS = NO;
				ASSETCATALOG_COMPILER_GENERATE_SWIFT_ASSET_SYMBOL_EXTENSIONS = YES;
				CLANG_ANALYZER_NONNULL = YES;
				CLANG_ANALYZER_NUMBER_OBJECT_CONVERSION = YES_AGGRESSIVE;
				CLANG_CXX_LANGUAGE_STANDARD = "gnu++20";
				CLANG_ENABLE_MODULES = YES;
				CLANG_ENABLE_OBJC_ARC = YES;
				CLANG_ENABLE_OBJC_WEAK = YES;
				CLANG_WARN_BLOCK_CAPTURE_AUTORELEASING = YES;
				CLANG_WARN_BOOL_CONVERSION = YES;
				CLANG_WARN_COMMA = YES;
				CLANG_WARN_CONSTANT_CONVERSION = YES;
				CLANG_WARN_DEPRECATED_OBJC_IMPLEMENTATIONS = YES;
				CLANG_WARN_DIRECT_OBJC_ISA_USAGE = YES_ERROR;
				CLANG_WARN_DOCUMENTATION_COMMENTS = YES;
				CLANG_WARN_EMPTY_BODY = YES;
				CLANG_WARN_ENUM_CONVERSION = YES;
				CLANG_WARN_INFINITE_RECURSION = YES;
				CLANG_WARN_INT_CONVERSION = YES;
				CLANG_WARN_NON_LITERAL_NULL_CONVERSION = YES;
				CLANG_WARN_OBJC_IMPLICIT_RETAIN_SELF = YES;
				CLANG_WARN_OBJC_LITERAL_CONVERSION = YES;
				CLANG_WARN_OBJC_ROOT_CLASS = YES_ERROR;
				CLANG_WARN_QUOTED_INCLUDE_IN_FRAMEWORK_HEADER = YES;
				CLANG_WARN_RANGE_LOOP_ANALYSIS = YES;
				CLANG_WARN_STRICT_PROTOTYPES = YES;
				CLANG_WARN_SUSPICIOUS_MOVE = YES;
				CLANG_WARN_UNGUARDED_AVAILABILITY = YES_AGGRESSIVE;
				CLANG_WARN_UNREACHABLE_CODE = YES;
				CLANG_WARN__DUPLICATE_METHOD_MATCH = YES;
				COPY_PHASE_STRIP = NO;
				DEBUG_INFORMATION_FORMAT = dwarf;
				ENABLE_STRICT_OBJC_MSGSEND = YES;
				ENABLE_TESTABILITY = YES;
				ENABLE_USER_SCRIPT_SANDBOXING = YES;
				GCC_C_LANGUAGE_STANDARD = gnu17;
				GCC_DYNAMIC_NO_PIC = NO;
				GCC_NO_COMMON_BLOCKS = YES;
				GCC_OPTIMIZATION_LEVEL = 0;
				GCC_PREPROCESSOR_DEFINITIONS = (
					"DEBUG=1",
					"$(inherited)",
				);
				GCC_WARN_64_TO_32_BIT_CONVERSION = YES;
				GCC_WARN_ABOUT_RETURN_TYPE = YES_ERROR;
				GCC_WARN_UNDECLARED_SELECTOR = YES;
				GCC_WARN_UNINITIALIZED_AUTOS = YES_AGGRESSIVE;
				GCC_WARN_UNUSED_FUNCTION = YES;
				GCC_WARN_UNUSED_VARIABLE = YES;
				IPHONEOS_DEPLOYMENT_TARGET = 17.5;
				LOCALIZATION_PREFERS_STRING_CATALOGS = YES;
				MTL_ENABLE_DEBUG_INFO = INCLUDE_SOURCE;
				MTL_FAST_MATH = YES;
				ONLY_ACTIVE_ARCH = NO;
				OTHER_LDFLAGS = "-ObjC";
				SDKROOT = iphoneos;
				SWIFT_ACTIVE_COMPILATION_CONDITIONS = "DEBUG $(inherited)";
				SWIFT_OPTIMIZATION_LEVEL = "-Onone";
			};
			name = Debug;
		};
		3E87E34E2C56B94900D843E2 /* Release */ = {
			isa = XCBuildConfiguration;
			buildSettings = {
				ALWAYS_SEARCH_USER_PATHS = NO;
				ASSETCATALOG_COMPILER_GENERATE_SWIFT_ASSET_SYMBOL_EXTENSIONS = YES;
				CLANG_ANALYZER_NONNULL = YES;
				CLANG_ANALYZER_NUMBER_OBJECT_CONVERSION = YES_AGGRESSIVE;
				CLANG_CXX_LANGUAGE_STANDARD = "gnu++20";
				CLANG_ENABLE_MODULES = YES;
				CLANG_ENABLE_OBJC_ARC = YES;
				CLANG_ENABLE_OBJC_WEAK = YES;
				CLANG_WARN_BLOCK_CAPTURE_AUTORELEASING = YES;
				CLANG_WARN_BOOL_CONVERSION = YES;
				CLANG_WARN_COMMA = YES;
				CLANG_WARN_CONSTANT_CONVERSION = YES;
				CLANG_WARN_DEPRECATED_OBJC_IMPLEMENTATIONS = YES;
				CLANG_WARN_DIRECT_OBJC_ISA_USAGE = YES_ERROR;
				CLANG_WARN_DOCUMENTATION_COMMENTS = YES;
				CLANG_WARN_EMPTY_BODY = YES;
				CLANG_WARN_ENUM_CONVERSION = YES;
				CLANG_WARN_INFINITE_RECURSION = YES;
				CLANG_WARN_INT_CONVERSION = YES;
				CLANG_WARN_NON_LITERAL_NULL_CONVERSION = YES;
				CLANG_WARN_OBJC_IMPLICIT_RETAIN_SELF = YES;
				CLANG_WARN_OBJC_LITERAL_CONVERSION = YES;
				CLANG_WARN_OBJC_ROOT_CLASS = YES_ERROR;
				CLANG_WARN_QUOTED_INCLUDE_IN_FRAMEWORK_HEADER = YES;
				CLANG_WARN_RANGE_LOOP_ANALYSIS = YES;
				CLANG_WARN_STRICT_PROTOTYPES = YES;
				CLANG_WARN_SUSPICIOUS_MOVE = YES;
				CLANG_WARN_UNGUARDED_AVAILABILITY = YES_AGGRESSIVE;
				CLANG_WARN_UNREACHABLE_CODE = YES;
				CLANG_WARN__DUPLICATE_METHOD_MATCH = YES;
				COPY_PHASE_STRIP = NO;
				DEBUG_INFORMATION_FORMAT = "dwarf-with-dsym";
				ENABLE_NS_ASSERTIONS = NO;
				ENABLE_STRICT_OBJC_MSGSEND = YES;
				ENABLE_USER_SCRIPT_SANDBOXING = YES;
				GCC_C_LANGUAGE_STANDARD = gnu17;
				GCC_NO_COMMON_BLOCKS = YES;
				GCC_WARN_64_TO_32_BIT_CONVERSION = YES;
				GCC_WARN_ABOUT_RETURN_TYPE = YES_ERROR;
				GCC_WARN_UNDECLARED_SELECTOR = YES;
				GCC_WARN_UNINITIALIZED_AUTOS = YES_AGGRESSIVE;
				GCC_WARN_UNUSED_FUNCTION = YES;
				GCC_WARN_UNUSED_VARIABLE = YES;
				IPHONEOS_DEPLOYMENT_TARGET = 17.5;
				LOCALIZATION_PREFERS_STRING_CATALOGS = YES;
				MTL_ENABLE_DEBUG_INFO = NO;
				MTL_FAST_MATH = YES;
				ONLY_ACTIVE_ARCH = NO;
				OTHER_LDFLAGS = "-ObjC";
				SDKROOT = iphoneos;
				SWIFT_COMPILATION_MODE = wholemodule;
				VALIDATE_PRODUCT = YES;
			};
			name = Release;
		};
		3E87E3502C56B94900D843E2 /* Debug */ = {
			isa = XCBuildConfiguration;
			buildSettings = {
				ALLOW_TARGET_PLATFORM_SPECIALIZATION = YES;
				ASSETCATALOG_COMPILER_APPICON_NAME = AppIcon;
				ASSETCATALOG_COMPILER_GLOBAL_ACCENT_COLOR_NAME = AccentColor;
				CODE_SIGN_ENTITLEMENTS = datafight/datafight.entitlements;
				CODE_SIGN_IDENTITY = "Apple Development";
				CODE_SIGN_STYLE = Automatic;
				CURRENT_PROJECT_VERSION = 1;
				DEVELOPMENT_ASSET_PATHS = datafight/utils/Assets.xcassets;
				DEVELOPMENT_TEAM = VRA2ZFJM88;
				GENERATE_INFOPLIST_FILE = YES;
				INFOPLIST_FILE = datafight/Info.plist;
				INFOPLIST_KEY_LSApplicationCategoryType = "public.app-category.sports";
				INFOPLIST_KEY_NSCameraUsageDescription = "This app needs access to your camera to take videos";
				INFOPLIST_KEY_NSMicrophoneUsageDescription = "This app needs access to your microphone to record videos with sound";
				INFOPLIST_KEY_NSPhotoLibraryAddUsageDescription = "This app needs permission to save videos to your photo library";
				INFOPLIST_KEY_NSPhotoLibraryUsageDescription = "This app needs access to your photo library to select videos and profile pictures";
				INFOPLIST_KEY_UIApplicationSupportsIndirectInputEvents = YES;
				INFOPLIST_KEY_UILaunchStoryboardName = LaunchScreen;
				INFOPLIST_KEY_UIMainStoryboardFile = Main;
				INFOPLIST_KEY_UISupportedInterfaceOrientations_iPad = UIInterfaceOrientationPortrait;
				IPHONEOS_DEPLOYMENT_TARGET = 17.5;
				LD_RUNPATH_SEARCH_PATHS = (
					"$(inherited)",
					"@executable_path/Frameworks",
				);
				MARKETING_VERSION = 1.0;
				ONLY_ACTIVE_ARCH = YES;
				PRODUCT_BUNDLE_IDENTIFIER = fr.younesouasmi.datafight;
				PRODUCT_NAME = "$(TARGET_NAME)";
				PROVISIONING_PROFILE_SPECIFIER = "";
				SDKROOT = iphoneos;
				SUPPORTED_PLATFORMS = "iphoneos iphonesimulator";
				SUPPORTS_MACCATALYST = YES;
				SWIFT_EMIT_LOC_STRINGS = YES;
				SWIFT_VERSION = 5.0;
				TARGETED_DEVICE_FAMILY = 2;
			};
			name = Debug;
		};
		3E87E3512C56B94900D843E2 /* Release */ = {
			isa = XCBuildConfiguration;
			buildSettings = {
				ALLOW_TARGET_PLATFORM_SPECIALIZATION = YES;
				ASSETCATALOG_COMPILER_APPICON_NAME = AppIcon;
				ASSETCATALOG_COMPILER_GLOBAL_ACCENT_COLOR_NAME = AccentColor;
				CODE_SIGN_ENTITLEMENTS = datafight/datafight.entitlements;
				CODE_SIGN_IDENTITY = "Apple Development";
				CODE_SIGN_STYLE = Automatic;
				CURRENT_PROJECT_VERSION = 1;
				DEVELOPMENT_ASSET_PATHS = datafight/utils/Assets.xcassets;
				DEVELOPMENT_TEAM = VRA2ZFJM88;
				GENERATE_INFOPLIST_FILE = YES;
				INFOPLIST_FILE = datafight/Info.plist;
				INFOPLIST_KEY_LSApplicationCategoryType = "public.app-category.sports";
				INFOPLIST_KEY_NSCameraUsageDescription = "This app needs access to your camera to take videos";
				INFOPLIST_KEY_NSMicrophoneUsageDescription = "This app needs access to your microphone to record videos with sound";
				INFOPLIST_KEY_NSPhotoLibraryAddUsageDescription = "This app needs permission to save videos to your photo library";
				INFOPLIST_KEY_NSPhotoLibraryUsageDescription = "This app needs access to your photo library to select videos and profile pictures";
				INFOPLIST_KEY_UIApplicationSupportsIndirectInputEvents = YES;
				INFOPLIST_KEY_UILaunchStoryboardName = LaunchScreen;
				INFOPLIST_KEY_UIMainStoryboardFile = Main;
				INFOPLIST_KEY_UISupportedInterfaceOrientations_iPad = UIInterfaceOrientationPortrait;
				IPHONEOS_DEPLOYMENT_TARGET = 17.5;
				LD_RUNPATH_SEARCH_PATHS = (
					"$(inherited)",
					"@executable_path/Frameworks",
				);
				MARKETING_VERSION = 1.0;
				ONLY_ACTIVE_ARCH = YES;
				PRODUCT_BUNDLE_IDENTIFIER = fr.younesouasmi.datafight;
				PRODUCT_NAME = "$(TARGET_NAME)";
				PROVISIONING_PROFILE_SPECIFIER = "";
				SDKROOT = iphoneos;
				SUPPORTED_PLATFORMS = "iphoneos iphonesimulator";
				SUPPORTS_MACCATALYST = YES;
				SWIFT_EMIT_LOC_STRINGS = YES;
				SWIFT_VERSION = 5.0;
				TARGETED_DEVICE_FAMILY = 2;
			};
			name = Release;
		};
		3E87E3532C56B94900D843E2 /* Debug */ = {
			isa = XCBuildConfiguration;
			buildSettings = {
				BUNDLE_LOADER = "$(TEST_HOST)";
				CLANG_ENABLE_MODULES = YES;
				CODE_SIGN_STYLE = Automatic;
				CURRENT_PROJECT_VERSION = 1;
				DEVELOPMENT_TEAM = VRA2ZFJM88;
				GENERATE_INFOPLIST_FILE = YES;
				IPHONEOS_DEPLOYMENT_TARGET = 17.5;
				MARKETING_VERSION = 1.0;
				ONLY_ACTIVE_ARCH = YES;
				PRODUCT_BUNDLE_IDENTIFIER = fr.younesouasmi.datafightTests;
				PRODUCT_NAME = "$(TARGET_NAME)";
				SUPPORTED_PLATFORMS = "iphoneos iphonesimulator";
				SUPPORTS_MACCATALYST = NO;
				SWIFT_EMIT_LOC_STRINGS = NO;
				SWIFT_OPTIMIZATION_LEVEL = "-Onone";
				SWIFT_VERSION = 5.0;
				TARGETED_DEVICE_FAMILY = 2;
				TEST_HOST = "$(BUILT_PRODUCTS_DIR)/datafight.app/$(BUNDLE_EXECUTABLE_FOLDER_PATH)/datafight";
			};
			name = Debug;
		};
		3E87E3542C56B94900D843E2 /* Release */ = {
			isa = XCBuildConfiguration;
			buildSettings = {
				BUNDLE_LOADER = "$(TEST_HOST)";
				CLANG_ENABLE_MODULES = YES;
				CODE_SIGN_STYLE = Automatic;
				CURRENT_PROJECT_VERSION = 1;
				DEVELOPMENT_TEAM = VRA2ZFJM88;
				GENERATE_INFOPLIST_FILE = YES;
				IPHONEOS_DEPLOYMENT_TARGET = 17.5;
				MARKETING_VERSION = 1.0;
				ONLY_ACTIVE_ARCH = YES;
				PRODUCT_BUNDLE_IDENTIFIER = fr.younesouasmi.datafightTests;
				PRODUCT_NAME = "$(TARGET_NAME)";
				SUPPORTED_PLATFORMS = "iphoneos iphonesimulator";
				SUPPORTS_MACCATALYST = NO;
				SWIFT_EMIT_LOC_STRINGS = NO;
				SWIFT_VERSION = 5.0;
				TARGETED_DEVICE_FAMILY = 2;
				TEST_HOST = "$(BUILT_PRODUCTS_DIR)/datafight.app/$(BUNDLE_EXECUTABLE_FOLDER_PATH)/datafight";
			};
			name = Release;
		};
/* End XCBuildConfiguration section */

/* Begin XCConfigurationList section */
		3E87E3202C56B94700D843E2 /* Build configuration list for PBXProject "datafight" */ = {
			isa = XCConfigurationList;
			buildConfigurations = (
				3E87E34D2C56B94900D843E2 /* Debug */,
				3E87E34E2C56B94900D843E2 /* Release */,
			);
			defaultConfigurationIsVisible = 0;
			defaultConfigurationName = Release;
		};
		3E87E34F2C56B94900D843E2 /* Build configuration list for PBXNativeTarget "datafight" */ = {
			isa = XCConfigurationList;
			buildConfigurations = (
				3E87E3502C56B94900D843E2 /* Debug */,
				3E87E3512C56B94900D843E2 /* Release */,
			);
			defaultConfigurationIsVisible = 0;
			defaultConfigurationName = Release;
		};
		3E87E3522C56B94900D843E2 /* Build configuration list for PBXNativeTarget "datafightTests" */ = {
			isa = XCConfigurationList;
			buildConfigurations = (
				3E87E3532C56B94900D843E2 /* Debug */,
				3E87E3542C56B94900D843E2 /* Release */,
			);
			defaultConfigurationIsVisible = 0;
			defaultConfigurationName = Release;
		};
/* End XCConfigurationList section */

/* Begin XCRemoteSwiftPackageReference section */
		3E98A8712CAAFD6F00123F78 /* XCRemoteSwiftPackageReference "firebase-ios-sdk" */ = {
			isa = XCRemoteSwiftPackageReference;
			repositoryURL = "https://github.com/firebase/firebase-ios-sdk";
			requirement = {
				kind = upToNextMajorVersion;
				minimumVersion = 11.2.0;
			};
		};
		3EE5E48F2CA9E0CB00BAB683 /* XCRemoteSwiftPackageReference "CountryPickerView" */ = {
			isa = XCRemoteSwiftPackageReference;
			repositoryURL = "https://github.com/kizitonwose/CountryPickerView";
			requirement = {
				kind = upToNextMajorVersion;
				minimumVersion = 3.3.0;
			};
		};
		3EE5E4922CA9E0F000BAB683 /* XCRemoteSwiftPackageReference "FlagKit" */ = {
			isa = XCRemoteSwiftPackageReference;
			repositoryURL = "https://github.com/madebybowtie/FlagKit";
			requirement = {
				kind = upToNextMajorVersion;
				minimumVersion = 2.4.0;
			};
		};
		3EE5E4952CA9E11900BAB683 /* XCRemoteSwiftPackageReference "Charts" */ = {
			isa = XCRemoteSwiftPackageReference;
			repositoryURL = "https://github.com/danielgindi/Charts.git";
			requirement = {
				kind = upToNextMajorVersion;
				minimumVersion = 5.1.0;
			};
		};
		3EE5E4B82CA9E25200BAB683 /* XCRemoteSwiftPackageReference "SDWebImage" */ = {
			isa = XCRemoteSwiftPackageReference;
			repositoryURL = "https://github.com/SDWebImage/SDWebImage.git";
			requirement = {
				kind = upToNextMajorVersion;
				minimumVersion = 5.19.7;
			};
		};
/* End XCRemoteSwiftPackageReference section */

/* Begin XCSwiftPackageProductDependency section */
		3E98A8722CAB0C8F00123F78 /* FirebaseAnalytics */ = {
			isa = XCSwiftPackageProductDependency;
			package = 3E98A8712CAAFD6F00123F78 /* XCRemoteSwiftPackageReference "firebase-ios-sdk" */;
			productName = FirebaseAnalytics;
		};
		3E98A8742CAB0C8F00123F78 /* FirebaseAppCheck */ = {
			isa = XCSwiftPackageProductDependency;
			package = 3E98A8712CAAFD6F00123F78 /* XCRemoteSwiftPackageReference "firebase-ios-sdk" */;
			productName = FirebaseAppCheck;
		};
		3E98A8762CAB0C8F00123F78 /* FirebaseAuth */ = {
			isa = XCSwiftPackageProductDependency;
			package = 3E98A8712CAAFD6F00123F78 /* XCRemoteSwiftPackageReference "firebase-ios-sdk" */;
			productName = FirebaseAuth;
		};
		3E98A8782CAB0C8F00123F78 /* FirebaseCrashlytics */ = {
			isa = XCSwiftPackageProductDependency;
			package = 3E98A8712CAAFD6F00123F78 /* XCRemoteSwiftPackageReference "firebase-ios-sdk" */;
			productName = FirebaseCrashlytics;
		};
		3E98A87A2CAB0C8F00123F78 /* FirebaseFirestore */ = {
			isa = XCSwiftPackageProductDependency;
			package = 3E98A8712CAAFD6F00123F78 /* XCRemoteSwiftPackageReference "firebase-ios-sdk" */;
			productName = FirebaseFirestore;
		};
		3E98A87C2CAB0C8F00123F78 /* FirebaseInstallations */ = {
			isa = XCSwiftPackageProductDependency;
			package = 3E98A8712CAAFD6F00123F78 /* XCRemoteSwiftPackageReference "firebase-ios-sdk" */;
			productName = FirebaseInstallations;
		};
		3E98A87E2CAB0C8F00123F78 /* FirebasePerformance */ = {
			isa = XCSwiftPackageProductDependency;
			package = 3E98A8712CAAFD6F00123F78 /* XCRemoteSwiftPackageReference "firebase-ios-sdk" */;
			productName = FirebasePerformance;
		};
		3E98A8802CAB0C8F00123F78 /* FirebaseStorage */ = {
			isa = XCSwiftPackageProductDependency;
			package = 3E98A8712CAAFD6F00123F78 /* XCRemoteSwiftPackageReference "firebase-ios-sdk" */;
			productName = FirebaseStorage;
		};
		3EE5E4902CA9E0CB00BAB683 /* CountryPickerView */ = {
			isa = XCSwiftPackageProductDependency;
			package = 3EE5E48F2CA9E0CB00BAB683 /* XCRemoteSwiftPackageReference "CountryPickerView" */;
			productName = CountryPickerView;
		};
		3EE5E4932CA9E0F000BAB683 /* FlagKit */ = {
			isa = XCSwiftPackageProductDependency;
			package = 3EE5E4922CA9E0F000BAB683 /* XCRemoteSwiftPackageReference "FlagKit" */;
			productName = FlagKit;
		};
		3EE5E4962CA9E11900BAB683 /* DGCharts */ = {
			isa = XCSwiftPackageProductDependency;
			package = 3EE5E4952CA9E11900BAB683 /* XCRemoteSwiftPackageReference "Charts" */;
			productName = DGCharts;
		};
		3EE5E4B92CA9E25200BAB683 /* SDWebImage */ = {
			isa = XCSwiftPackageProductDependency;
			package = 3EE5E4B82CA9E25200BAB683 /* XCRemoteSwiftPackageReference "SDWebImage" */;
			productName = SDWebImage;
		};
		3EE5E4BB2CA9E28F00BAB683 /* SDWebImage */ = {
			isa = XCSwiftPackageProductDependency;
			package = 3EE5E4B82CA9E25200BAB683 /* XCRemoteSwiftPackageReference "SDWebImage" */;
			productName = SDWebImage;
		};
/* End XCSwiftPackageProductDependency section */
	};
	rootObject = 3E87E31D2C56B94700D843E2 /* Project object */;
}
