// !$*UTF8*$!
{
	archiveVersion = 1;
	classes = {
	};
	objectVersion = 56;
	objects = {

/* Begin PBXBuildFile section */
		3E87E3292C56B94700D843E2 /* AppDelegate.swift in Sources */ = {isa = PBXBuildFile; fileRef = 3E87E3282C56B94700D843E2 /* AppDelegate.swift */; };
		3E87E32B2C56B94700D843E2 /* SceneDelegate.swift in Sources */ = {isa = PBXBuildFile; fileRef = 3E87E32A2C56B94700D843E2 /* SceneDelegate.swift */; };
		3E87E32D2C56B94700D843E2 /* ViewController.swift in Sources */ = {isa = PBXBuildFile; fileRef = 3E87E32C2C56B94700D843E2 /* ViewController.swift */; };
		3E87E3302C56B94700D843E2 /* Base in Resources */ = {isa = PBXBuildFile; fileRef = 3E87E32F2C56B94700D843E2 /* Base */; };
		3E87E3322C56B94900D843E2 /* Assets.xcassets in Resources */ = {isa = PBXBuildFile; fileRef = 3E87E3312C56B94900D843E2 /* Assets.xcassets */; };
		3E87E3352C56B94900D843E2 /* Base in Resources */ = {isa = PBXBuildFile; fileRef = 3E87E3342C56B94900D843E2 /* Base */; };
		3E87E3402C56B94900D843E2 /* datafightTests.swift in Sources */ = {isa = PBXBuildFile; fileRef = 3E87E33F2C56B94900D843E2 /* datafightTests.swift */; };
		3E87E34A2C56B94900D843E2 /* datafightUITests.swift in Sources */ = {isa = PBXBuildFile; fileRef = 3E87E3492C56B94900D843E2 /* datafightUITests.swift */; };
		3E87E34C2C56B94900D843E2 /* datafightUITestsLaunchTests.swift in Sources */ = {isa = PBXBuildFile; fileRef = 3E87E34B2C56B94900D843E2 /* datafightUITestsLaunchTests.swift */; };
/* End PBXBuildFile section */

/* Begin PBXContainerItemProxy section */
		3E87E33C2C56B94900D843E2 /* PBXContainerItemProxy */ = {
			isa = PBXContainerItemProxy;
			containerPortal = 3E87E31D2C56B94700D843E2 /* Project object */;
			proxyType = 1;
			remoteGlobalIDString = 3E87E3242C56B94700D843E2;
			remoteInfo = datafight;
		};
		3E87E3462C56B94900D843E2 /* PBXContainerItemProxy */ = {
			isa = PBXContainerItemProxy;
			containerPortal = 3E87E31D2C56B94700D843E2 /* Project object */;
			proxyType = 1;
			remoteGlobalIDString = 3E87E3242C56B94700D843E2;
			remoteInfo = datafight;
		};
/* End PBXContainerItemProxy section */

/* Begin PBXFileReference section */
		3E87E3252C56B94700D843E2 /* datafight.app */ = {isa = PBXFileReference; explicitFileType = wrapper.application; includeInIndex = 0; path = datafight.app; sourceTree = BUILT_PRODUCTS_DIR; };
		3E87E3282C56B94700D843E2 /* AppDelegate.swift */ = {isa = PBXFileReference; lastKnownFileType = sourcecode.swift; path = AppDelegate.swift; sourceTree = "<group>"; };
		3E87E32A2C56B94700D843E2 /* SceneDelegate.swift */ = {isa = PBXFileReference; lastKnownFileType = sourcecode.swift; path = SceneDelegate.swift; sourceTree = "<group>"; };
		3E87E32C2C56B94700D843E2 /* ViewController.swift */ = {isa = PBXFileReference; lastKnownFileType = sourcecode.swift; path = ViewController.swift; sourceTree = "<group>"; };
		3E87E32F2C56B94700D843E2 /* Base */ = {isa = PBXFileReference; lastKnownFileType = file.storyboard; name = Base; path = Base.lproj/Main.storyboard; sourceTree = "<group>"; };
		3E87E3312C56B94900D843E2 /* Assets.xcassets */ = {isa = PBXFileReference; lastKnownFileType = folder.assetcatalog; path = Assets.xcassets; sourceTree = "<group>"; };
		3E87E3342C56B94900D843E2 /* Base */ = {isa = PBXFileReference; lastKnownFileType = file.storyboard; name = Base; path = Base.lproj/LaunchScreen.storyboard; sourceTree = "<group>"; };
		3E87E3362C56B94900D843E2 /* Info.plist */ = {isa = PBXFileReference; lastKnownFileType = text.plist.xml; path = Info.plist; sourceTree = "<group>"; };
		3E87E33B2C56B94900D843E2 /* datafightTests.xctest */ = {isa = PBXFileReference; explicitFileType = wrapper.cfbundle; includeInIndex = 0; path = datafightTests.xctest; sourceTree = BUILT_PRODUCTS_DIR; };
		3E87E33F2C56B94900D843E2 /* datafightTests.swift */ = {isa = PBXFileReference; lastKnownFileType = sourcecode.swift; path = datafightTests.swift; sourceTree = "<group>"; };
		3E87E3452C56B94900D843E2 /* datafightUITests.xctest */ = {isa = PBXFileReference; explicitFileType = wrapper.cfbundle; includeInIndex = 0; path = datafightUITests.xctest; sourceTree = BUILT_PRODUCTS_DIR; };
		3E87E3492C56B94900D843E2 /* datafightUITests.swift */ = {isa = PBXFileReference; lastKnownFileType = sourcecode.swift; path = datafightUITests.swift; sourceTree = "<group>"; };
		3E87E34B2C56B94900D843E2 /* datafightUITestsLaunchTests.swift */ = {isa = PBXFileReference; lastKnownFileType = sourcecode.swift; path = datafightUITestsLaunchTests.swift; sourceTree = "<group>"; };
/* End PBXFileReference section */

/* Begin PBXFrameworksBuildPhase section */
		3E87E3222C56B94700D843E2 /* Frameworks */ = {
			isa = PBXFrameworksBuildPhase;
			buildActionMask = 2147483647;
			files = (
			);
			runOnlyForDeploymentPostprocessing = 0;
		};
		3E87E3382C56B94900D843E2 /* Frameworks */ = {
			isa = PBXFrameworksBuildPhase;
			buildActionMask = 2147483647;
			files = (
			);
			runOnlyForDeploymentPostprocessing = 0;
		};
		3E87E3422C56B94900D843E2 /* Frameworks */ = {
			isa = PBXFrameworksBuildPhase;
			buildActionMask = 2147483647;
			files = (
			);
			runOnlyForDeploymentPostprocessing = 0;
		};
/* End PBXFrameworksBuildPhase section */

/* Begin PBXGroup section */
		3E87E31C2C56B94700D843E2 = {
			isa = PBXGroup;
			children = (
				3E87E3272C56B94700D843E2 /* datafight */,
				3E87E33E2C56B94900D843E2 /* datafightTests */,
				3E87E3482C56B94900D843E2 /* datafightUITests */,
				3E87E3262C56B94700D843E2 /* Products */,
			);
			sourceTree = "<group>";
		};
		3E87E3262C56B94700D843E2 /* Products */ = {
			isa = PBXGroup;
			children = (
				3E87E3252C56B94700D843E2 /* datafight.app */,
				3E87E33B2C56B94900D843E2 /* datafightTests.xctest */,
				3E87E3452C56B94900D843E2 /* datafightUITests.xctest */,
			);
			name = Products;
			sourceTree = "<group>";
		};
		3E87E3272C56B94700D843E2 /* datafight */ = {
			isa = PBXGroup;
			children = (
				3E87E3282C56B94700D843E2 /* AppDelegate.swift */,
				3E87E32A2C56B94700D843E2 /* SceneDelegate.swift */,
				3E87E32C2C56B94700D843E2 /* ViewController.swift */,
				3E87E32E2C56B94700D843E2 /* Main.storyboard */,
				3E87E3312C56B94900D843E2 /* Assets.xcassets */,
				3E87E3332C56B94900D843E2 /* LaunchScreen.storyboard */,
				3E87E3362C56B94900D843E2 /* Info.plist */,
			);
			path = datafight;
			sourceTree = "<group>";
		};
		3E87E33E2C56B94900D843E2 /* datafightTests */ = {
			isa = PBXGroup;
			children = (
				3E87E33F2C56B94900D843E2 /* datafightTests.swift */,
			);
			path = datafightTests;
			sourceTree = "<group>";
		};
		3E87E3482C56B94900D843E2 /* datafightUITests */ = {
			isa = PBXGroup;
			children = (
				3E87E3492C56B94900D843E2 /* datafightUITests.swift */,
				3E87E34B2C56B94900D843E2 /* datafightUITestsLaunchTests.swift */,
			);
			path = datafightUITests;
			sourceTree = "<group>";
		};
/* End PBXGroup section */

/* Begin PBXNativeTarget section */
		3E87E3242C56B94700D843E2 /* datafight */ = {
			isa = PBXNativeTarget;
			buildConfigurationList = 3E87E34F2C56B94900D843E2 /* Build configuration list for PBXNativeTarget "datafight" */;
			buildPhases = (
				3E87E3212C56B94700D843E2 /* Sources */,
				3E87E3222C56B94700D843E2 /* Frameworks */,
				3E87E3232C56B94700D843E2 /* Resources */,
			);
			buildRules = (
			);
			dependencies = (
			);
			name = datafight;
			productName = datafight;
			productReference = 3E87E3252C56B94700D843E2 /* datafight.app */;
			productType = "com.apple.product-type.application";
		};
		3E87E33A2C56B94900D843E2 /* datafightTests */ = {
			isa = PBXNativeTarget;
			buildConfigurationList = 3E87E3522C56B94900D843E2 /* Build configuration list for PBXNativeTarget "datafightTests" */;
			buildPhases = (
				3E87E3372C56B94900D843E2 /* Sources */,
				3E87E3382C56B94900D843E2 /* Frameworks */,
				3E87E3392C56B94900D843E2 /* Resources */,
			);
			buildRules = (
			);
			dependencies = (
				3E87E33D2C56B94900D843E2 /* PBXTargetDependency */,
			);
			name = datafightTests;
			productName = datafightTests;
			productReference = 3E87E33B2C56B94900D843E2 /* datafightTests.xctest */;
			productType = "com.apple.product-type.bundle.unit-test";
		};
		3E87E3442C56B94900D843E2 /* datafightUITests */ = {
			isa = PBXNativeTarget;
			buildConfigurationList = 3E87E3552C56B94900D843E2 /* Build configuration list for PBXNativeTarget "datafightUITests" */;
			buildPhases = (
				3E87E3412C56B94900D843E2 /* Sources */,
				3E87E3422C56B94900D843E2 /* Frameworks */,
				3E87E3432C56B94900D843E2 /* Resources */,
			);
			buildRules = (
			);
			dependencies = (
				3E87E3472C56B94900D843E2 /* PBXTargetDependency */,
			);
			name = datafightUITests;
			productName = datafightUITests;
			productReference = 3E87E3452C56B94900D843E2 /* datafightUITests.xctest */;
			productType = "com.apple.product-type.bundle.ui-testing";
		};
/* End PBXNativeTarget section */

/* Begin PBXProject section */
		3E87E31D2C56B94700D843E2 /* Project object */ = {
			isa = PBXProject;
			attributes = {
				BuildIndependentTargetsInParallel = 1;
				LastSwiftUpdateCheck = 1540;
				LastUpgradeCheck = 1540;
				TargetAttributes = {
					3E87E3242C56B94700D843E2 = {
						CreatedOnToolsVersion = 15.4;
					};
					3E87E33A2C56B94900D843E2 = {
						CreatedOnToolsVersion = 15.4;
						TestTargetID = 3E87E3242C56B94700D843E2;
					};
					3E87E3442C56B94900D843E2 = {
						CreatedOnToolsVersion = 15.4;
						TestTargetID = 3E87E3242C56B94700D843E2;
					};
				};
			};
			buildConfigurationList = 3E87E3202C56B94700D843E2 /* Build configuration list for PBXProject "datafight" */;
			compatibilityVersion = "Xcode 14.0";
			developmentRegion = en;
			hasScannedForEncodings = 0;
			knownRegions = (
				en,
				Base,
			);
			mainGroup = 3E87E31C2C56B94700D843E2;
			productRefGroup = 3E87E3262C56B94700D843E2 /* Products */;
			projectDirPath = "";
			projectRoot = "";
			targets = (
				3E87E3242C56B94700D843E2 /* datafight */,
				3E87E33A2C56B94900D843E2 /* datafightTests */,
				3E87E3442C56B94900D843E2 /* datafightUITests */,
			);
		};
/* End PBXProject section */

/* Begin PBXResourcesBuildPhase section */
		3E87E3232C56B94700D843E2 /* Resources */ = {
			isa = PBXResourcesBuildPhase;
			buildActionMask = 2147483647;
			files = (
				3E87E3322C56B94900D843E2 /* Assets.xcassets in Resources */,
				3E87E3352C56B94900D843E2 /* Base in Resources */,
				3E87E3302C56B94700D843E2 /* Base in Resources */,
			);
			runOnlyForDeploymentPostprocessing = 0;
		};
		3E87E3392C56B94900D843E2 /* Resources */ = {
			isa = PBXResourcesBuildPhase;
			buildActionMask = 2147483647;
			files = (
			);
			runOnlyForDeploymentPostprocessing = 0;
		};
		3E87E3432C56B94900D843E2 /* Resources */ = {
			isa = PBXResourcesBuildPhase;
			buildActionMask = 2147483647;
			files = (
			);
			runOnlyForDeploymentPostprocessing = 0;
		};
/* End PBXResourcesBuildPhase section */

/* Begin PBXSourcesBuildPhase section */
		3E87E3212C56B94700D843E2 /* Sources */ = {
			isa = PBXSourcesBuildPhase;
			buildActionMask = 2147483647;
			files = (
				3E87E32D2C56B94700D843E2 /* ViewController.swift in Sources */,
				3E87E3292C56B94700D843E2 /* AppDelegate.swift in Sources */,
				3E87E32B2C56B94700D843E2 /* SceneDelegate.swift in Sources */,
			);
			runOnlyForDeploymentPostprocessing = 0;
		};
		3E87E3372C56B94900D843E2 /* Sources */ = {
			isa = PBXSourcesBuildPhase;
			buildActionMask = 2147483647;
			files = (
				3E87E3402C56B94900D843E2 /* datafightTests.swift in Sources */,
			);
			runOnlyForDeploymentPostprocessing = 0;
		};
		3E87E3412C56B94900D843E2 /* Sources */ = {
			isa = PBXSourcesBuildPhase;
			buildActionMask = 2147483647;
			files = (
				3E87E34A2C56B94900D843E2 /* datafightUITests.swift in Sources */,
				3E87E34C2C56B94900D843E2 /* datafightUITestsLaunchTests.swift in Sources */,
			);
			runOnlyForDeploymentPostprocessing = 0;
		};
/* End PBXSourcesBuildPhase section */

/* Begin PBXTargetDependency section */
		3E87E33D2C56B94900D843E2 /* PBXTargetDependency */ = {
			isa = PBXTargetDependency;
			target = 3E87E3242C56B94700D843E2 /* datafight */;
			targetProxy = 3E87E33C2C56B94900D843E2 /* PBXContainerItemProxy */;
		};
		3E87E3472C56B94900D843E2 /* PBXTargetDependency */ = {
			isa = PBXTargetDependency;
			target = 3E87E3242C56B94700D843E2 /* datafight */;
			targetProxy = 3E87E3462C56B94900D843E2 /* PBXContainerItemProxy */;
		};
/* End PBXTargetDependency section */

/* Begin PBXVariantGroup section */
		3E87E32E2C56B94700D843E2 /* Main.storyboard */ = {
			isa = PBXVariantGroup;
			children = (
				3E87E32F2C56B94700D843E2 /* Base */,
			);
			name = Main.storyboard;
			sourceTree = "<group>";
		};
		3E87E3332C56B94900D843E2 /* LaunchScreen.storyboard */ = {
			isa = PBXVariantGroup;
			children = (
				3E87E3342C56B94900D843E2 /* Base */,
			);
			name = LaunchScreen.storyboard;
			sourceTree = "<group>";
		};
/* End PBXVariantGroup section */

/* Begin XCBuildConfiguration section */
		3E87E34D2C56B94900D843E2 /* Debug */ = {
			isa = XCBuildConfiguration;
			buildSettings = {
				ALWAYS_SEARCH_USER_PATHS = NO;
				ASSETCATALOG_COMPILER_GENERATE_SWIFT_ASSET_SYMBOL_EXTENSIONS = YES;
				CLANG_ANALYZER_NONNULL = YES;
				CLANG_ANALYZER_NUMBER_OBJECT_CONVERSION = YES_AGGRESSIVE;
				CLANG_CXX_LANGUAGE_STANDARD = "gnu++20";
				CLANG_ENABLE_MODULES = YES;
				CLANG_ENABLE_OBJC_ARC = YES;
				CLANG_ENABLE_OBJC_WEAK = YES;
				CLANG_WARN_BLOCK_CAPTURE_AUTORELEASING = YES;
				CLANG_WARN_BOOL_CONVERSION = YES;
				CLANG_WARN_COMMA = YES;
				CLANG_WARN_CONSTANT_CONVERSION = YES;
				CLANG_WARN_DEPRECATED_OBJC_IMPLEMENTATIONS = YES;
				CLANG_WARN_DIRECT_OBJC_ISA_USAGE = YES_ERROR;
				CLANG_WARN_DOCUMENTATION_COMMENTS = YES;
				CLANG_WARN_EMPTY_BODY = YES;
				CLANG_WARN_ENUM_CONVERSION = YES;
				CLANG_WARN_INFINITE_RECURSION = YES;
				CLANG_WARN_INT_CONVERSION = YES;
				CLANG_WARN_NON_LITERAL_NULL_CONVERSION = YES;
				CLANG_WARN_OBJC_IMPLICIT_RETAIN_SELF = YES;
				CLANG_WARN_OBJC_LITERAL_CONVERSION = YES;
				CLANG_WARN_OBJC_ROOT_CLASS = YES_ERROR;
				CLANG_WARN_QUOTED_INCLUDE_IN_FRAMEWORK_HEADER = YES;
				CLANG_WARN_RANGE_LOOP_ANALYSIS = YES;
				CLANG_WARN_STRICT_PROTOTYPES = YES;
				CLANG_WARN_SUSPICIOUS_MOVE = YES;
				CLANG_WARN_UNGUARDED_AVAILABILITY = YES_AGGRESSIVE;
				CLANG_WARN_UNREACHABLE_CODE = YES;
				CLANG_WARN__DUPLICATE_METHOD_MATCH = YES;
				COPY_PHASE_STRIP = NO;
				DEBUG_INFORMATION_FORMAT = dwarf;
				ENABLE_STRICT_OBJC_MSGSEND = YES;
				ENABLE_TESTABILITY = YES;
				ENABLE_USER_SCRIPT_SANDBOXING = YES;
				GCC_C_LANGUAGE_STANDARD = gnu17;
				GCC_DYNAMIC_NO_PIC = NO;
				GCC_NO_COMMON_BLOCKS = YES;
				GCC_OPTIMIZATION_LEVEL = 0;
				GCC_PREPROCESSOR_DEFINITIONS = (
					"DEBUG=1",
					"$(inherited)",
				);
				GCC_WARN_64_TO_32_BIT_CONVERSION = YES;
				GCC_WARN_ABOUT_RETURN_TYPE = YES_ERROR;
				GCC_WARN_UNDECLARED_SELECTOR = YES;
				GCC_WARN_UNINITIALIZED_AUTOS = YES_AGGRESSIVE;
				GCC_WARN_UNUSED_FUNCTION = YES;
				GCC_WARN_UNUSED_VARIABLE = YES;
				IPHONEOS_DEPLOYMENT_TARGET = 17.5;
				LOCALIZATION_PREFERS_STRING_CATALOGS = YES;
				MTL_ENABLE_DEBUG_INFO = INCLUDE_SOURCE;
				MTL_FAST_MATH = YES;
				ONLY_ACTIVE_ARCH = YES;
				SDKROOT = iphoneos;
				SWIFT_ACTIVE_COMPILATION_CONDITIONS = "DEBUG $(inherited)";
				SWIFT_OPTIMIZATION_LEVEL = "-Onone";
			};
			name = Debug;
		};
		3E87E34E2C56B94900D843E2 /* Release */ = {
			isa = XCBuildConfiguration;
			buildSettings = {
				ALWAYS_SEARCH_USER_PATHS = NO;
				ASSETCATALOG_COMPILER_GENERATE_SWIFT_ASSET_SYMBOL_EXTENSIONS = YES;
				CLANG_ANALYZER_NONNULL = YES;
				CLANG_ANALYZER_NUMBER_OBJECT_CONVERSION = YES_AGGRESSIVE;
				CLANG_CXX_LANGUAGE_STANDARD = "gnu++20";
				CLANG_ENABLE_MODULES = YES;
				CLANG_ENABLE_OBJC_ARC = YES;
				CLANG_ENABLE_OBJC_WEAK = YES;
				CLANG_WARN_BLOCK_CAPTURE_AUTORELEASING = YES;
				CLANG_WARN_BOOL_CONVERSION = YES;
				CLANG_WARN_COMMA = YES;
				CLANG_WARN_CONSTANT_CONVERSION = YES;
				CLANG_WARN_DEPRECATED_OBJC_IMPLEMENTATIONS = YES;
				CLANG_WARN_DIRECT_OBJC_ISA_USAGE = YES_ERROR;
				CLANG_WARN_DOCUMENTATION_COMMENTS = YES;
				CLANG_WARN_EMPTY_BODY = YES;
				CLANG_WARN_ENUM_CONVERSION = YES;
				CLANG_WARN_INFINITE_RECURSION = YES;
				CLANG_WARN_INT_CONVERSION = YES;
				CLANG_WARN_NON_LITERAL_NULL_CONVERSION = YES;
				CLANG_WARN_OBJC_IMPLICIT_RETAIN_SELF = YES;
				CLANG_WARN_OBJC_LITERAL_CONVERSION = YES;
				CLANG_WARN_OBJC_ROOT_CLASS = YES_ERROR;
				CLANG_WARN_QUOTED_INCLUDE_IN_FRAMEWORK_HEADER = YES;
				CLANG_WARN_RANGE_LOOP_ANALYSIS = YES;
				CLANG_WARN_STRICT_PROTOTYPES = YES;
				CLANG_WARN_SUSPICIOUS_MOVE = YES;
				CLANG_WARN_UNGUARDED_AVAILABILITY = YES_AGGRESSIVE;
				CLANG_WARN_UNREACHABLE_CODE = YES;
				CLANG_WARN__DUPLICATE_METHOD_MATCH = YES;
				COPY_PHASE_STRIP = NO;
				DEBUG_INFORMATION_FORMAT = "dwarf-with-dsym";
				ENABLE_NS_ASSERTIONS = NO;
				ENABLE_STRICT_OBJC_MSGSEND = YES;
				ENABLE_USER_SCRIPT_SANDBOXING = YES;
				GCC_C_LANGUAGE_STANDARD = gnu17;
				GCC_NO_COMMON_BLOCKS = YES;
				GCC_WARN_64_TO_32_BIT_CONVERSION = YES;
				GCC_WARN_ABOUT_RETURN_TYPE = YES_ERROR;
				GCC_WARN_UNDECLARED_SELECTOR = YES;
				GCC_WARN_UNINITIALIZED_AUTOS = YES_AGGRESSIVE;
				GCC_WARN_UNUSED_FUNCTION = YES;
				GCC_WARN_UNUSED_VARIABLE = YES;
				IPHONEOS_DEPLOYMENT_TARGET = 17.5;
				LOCALIZATION_PREFERS_STRING_CATALOGS = YES;
				MTL_ENABLE_DEBUG_INFO = NO;
				MTL_FAST_MATH = YES;
				SDKROOT = iphoneos;
				SWIFT_COMPILATION_MODE = wholemodule;
				VALIDATE_PRODUCT = YES;
			};
			name = Release;
		};
		3E87E3502C56B94900D843E2 /* Debug */ = {
			isa = XCBuildConfiguration;
			buildSettings = {
				ASSETCATALOG_COMPILER_APPICON_NAME = AppIcon;
				ASSETCATALOG_COMPILER_GLOBAL_ACCENT_COLOR_NAME = AccentColor;
				CODE_SIGN_STYLE = Automatic;
				CURRENT_PROJECT_VERSION = 1;
				DEVELOPMENT_TEAM = VRA2ZFJM88;
				GENERATE_INFOPLIST_FILE = YES;
				INFOPLIST_FILE = datafight/Info.plist;
				INFOPLIST_KEY_UIApplicationSupportsIndirectInputEvents = YES;
				INFOPLIST_KEY_UILaunchStoryboardName = LaunchScreen;
				INFOPLIST_KEY_UIMainStoryboardFile = Main;
				INFOPLIST_KEY_UISupportedInterfaceOrientations_iPad = "UIInterfaceOrientationPortrait UIInterfaceOrientationPortraitUpsideDown UIInterfaceOrientationLandscapeLeft UIInterfaceOrientationLandscapeRight";
				INFOPLIST_KEY_UISupportedInterfaceOrientations_iPhone = "UIInterfaceOrientationPortrait UIInterfaceOrientationLandscapeLeft UIInterfaceOrientationLandscapeRight";
				LD_RUNPATH_SEARCH_PATHS = (
					"$(inherited)",
					"@executable_path/Frameworks",
				);
				MARKETING_VERSION = 1.0;
				PRODUCT_BUNDLE_IDENTIFIER = fr.younesouasmi.datafight;
				PRODUCT_NAME = "$(TARGET_NAME)";
				SWIFT_EMIT_LOC_STRINGS = YES;
				SWIFT_VERSION = 5.0;
				TARGETED_DEVICE_FAMILY = "1,2";
			};
			name = Debug;
		};
		3E87E3512C56B94900D843E2 /* Release */ = {
			isa = XCBuildConfiguration;
			buildSettings = {
				ASSETCATALOG_COMPILER_APPICON_NAME = AppIcon;
				ASSETCATALOG_COMPILER_GLOBAL_ACCENT_COLOR_NAME = AccentColor;
				CODE_SIGN_STYLE = Automatic;
				CURRENT_PROJECT_VERSION = 1;
				DEVELOPMENT_TEAM = VRA2ZFJM88;
				GENERATE_INFOPLIST_FILE = YES;
				INFOPLIST_FILE = datafight/Info.plist;
				INFOPLIST_KEY_UIApplicationSupportsIndirectInputEvents = YES;
				INFOPLIST_KEY_UILaunchStoryboardName = LaunchScreen;
				INFOPLIST_KEY_UIMainStoryboardFile = Main;
				INFOPLIST_KEY_UISupportedInterfaceOrientations_iPad = "UIInterfaceOrientationPortrait UIInterfaceOrientationPortraitUpsideDown UIInterfaceOrientationLandscapeLeft UIInterfaceOrientationLandscapeRight";
				INFOPLIST_KEY_UISupportedInterfaceOrientations_iPhone = "UIInterfaceOrientationPortrait UIInterfaceOrientationLandscapeLeft UIInterfaceOrientationLandscapeRight";
				LD_RUNPATH_SEARCH_PATHS = (
					"$(inherited)",
					"@executable_path/Frameworks",
				);
				MARKETING_VERSION = 1.0;
				PRODUCT_BUNDLE_IDENTIFIER = fr.younesouasmi.datafight;
				PRODUCT_NAME = "$(TARGET_NAME)";
				SWIFT_EMIT_LOC_STRINGS = YES;
				SWIFT_VERSION = 5.0;
				TARGETED_DEVICE_FAMILY = "1,2";
			};
			name = Release;
		};
		3E87E3532C56B94900D843E2 /* Debug */ = {
			isa = XCBuildConfiguration;
			buildSettings = {
				ALWAYS_EMBED_SWIFT_STANDARD_LIBRARIES = YES;
				BUNDLE_LOADER = "$(TEST_HOST)";
				CODE_SIGN_STYLE = Automatic;
				CURRENT_PROJECT_VERSION = 1;
				DEVELOPMENT_TEAM = VRA2ZFJM88;
				GENERATE_INFOPLIST_FILE = YES;
				IPHONEOS_DEPLOYMENT_TARGET = 17.5;
				MARKETING_VERSION = 1.0;
				PRODUCT_BUNDLE_IDENTIFIER = fr.younesouasmi.datafightTests;
				PRODUCT_NAME = "$(TARGET_NAME)";
				SWIFT_EMIT_LOC_STRINGS = NO;
				SWIFT_VERSION = 5.0;
				TARGETED_DEVICE_FAMILY = "1,2";
				TEST_HOST = "$(BUILT_PRODUCTS_DIR)/datafight.app/$(BUNDLE_EXECUTABLE_FOLDER_PATH)/datafight";
			};
			name = Debug;
		};
		3E87E3542C56B94900D843E2 /* Release */ = {
			isa = XCBuildConfiguration;
			buildSettings = {
				ALWAYS_EMBED_SWIFT_STANDARD_LIBRARIES = YES;
				BUNDLE_LOADER = "$(TEST_HOST)";
				CODE_SIGN_STYLE = Automatic;
				CURRENT_PROJECT_VERSION = 1;
				DEVELOPMENT_TEAM = VRA2ZFJM88;
				GENERATE_INFOPLIST_FILE = YES;
				IPHONEOS_DEPLOYMENT_TARGET = 17.5;
				MARKETING_VERSION = 1.0;
				PRODUCT_BUNDLE_IDENTIFIER = fr.younesouasmi.datafightTests;
				PRODUCT_NAME = "$(TARGET_NAME)";
				SWIFT_EMIT_LOC_STRINGS = NO;
				SWIFT_VERSION = 5.0;
				TARGETED_DEVICE_FAMILY = "1,2";
				TEST_HOST = "$(BUILT_PRODUCTS_DIR)/datafight.app/$(BUNDLE_EXECUTABLE_FOLDER_PATH)/datafight";
			};
			name = Release;
		};
		3E87E3562C56B94900D843E2 /* Debug */ = {
			isa = XCBuildConfiguration;
			buildSettings = {
				ALWAYS_EMBED_SWIFT_STANDARD_LIBRARIES = YES;
				CODE_SIGN_STYLE = Automatic;
				CURRENT_PROJECT_VERSION = 1;
				DEVELOPMENT_TEAM = VRA2ZFJM88;
				GENERATE_INFOPLIST_FILE = YES;
				MARKETING_VERSION = 1.0;
				PRODUCT_BUNDLE_IDENTIFIER = fr.younesouasmi.datafightUITests;
				PRODUCT_NAME = "$(TARGET_NAME)";
				SWIFT_EMIT_LOC_STRINGS = NO;
				SWIFT_VERSION = 5.0;
				TARGETED_DEVICE_FAMILY = "1,2";
				TEST_TARGET_NAME = datafight;
			};
			name = Debug;
		};
		3E87E3572C56B94900D843E2 /* Release */ = {
			isa = XCBuildConfiguration;
			buildSettings = {
				ALWAYS_EMBED_SWIFT_STANDARD_LIBRARIES = YES;
				CODE_SIGN_STYLE = Automatic;
				CURRENT_PROJECT_VERSION = 1;
				DEVELOPMENT_TEAM = VRA2ZFJM88;
				GENERATE_INFOPLIST_FILE = YES;
				MARKETING_VERSION = 1.0;
				PRODUCT_BUNDLE_IDENTIFIER = fr.younesouasmi.datafightUITests;
				PRODUCT_NAME = "$(TARGET_NAME)";
				SWIFT_EMIT_LOC_STRINGS = NO;
				SWIFT_VERSION = 5.0;
				TARGETED_DEVICE_FAMILY = "1,2";
				TEST_TARGET_NAME = datafight;
			};
			name = Release;
		};
/* End XCBuildConfiguration section */

/* Begin XCConfigurationList section */
		3E87E3202C56B94700D843E2 /* Build configuration list for PBXProject "datafight" */ = {
			isa = XCConfigurationList;
			buildConfigurations = (
				3E87E34D2C56B94900D843E2 /* Debug */,
				3E87E34E2C56B94900D843E2 /* Release */,
			);
			defaultConfigurationIsVisible = 0;
			defaultConfigurationName = Release;
		};
		3E87E34F2C56B94900D843E2 /* Build configuration list for PBXNativeTarget "datafight" */ = {
			isa = XCConfigurationList;
			buildConfigurations = (
				3E87E3502C56B94900D843E2 /* Debug */,
				3E87E3512C56B94900D843E2 /* Release */,
			);
			defaultConfigurationIsVisible = 0;
			defaultConfigurationName = Release;
		};
		3E87E3522C56B94900D843E2 /* Build configuration list for PBXNativeTarget "datafightTests" */ = {
			isa = XCConfigurationList;
			buildConfigurations = (
				3E87E3532C56B94900D843E2 /* Debug */,
				3E87E3542C56B94900D843E2 /* Release */,
			);
			defaultConfigurationIsVisible = 0;
			defaultConfigurationName = Release;
		};
		3E87E3552C56B94900D843E2 /* Build configuration list for PBXNativeTarget "datafightUITests" */ = {
			isa = XCConfigurationList;
			buildConfigurations = (
				3E87E3562C56B94900D843E2 /* Debug */,
				3E87E3572C56B94900D843E2 /* Release */,
			);
			defaultConfigurationIsVisible = 0;
			defaultConfigurationName = Release;
		};
/* End XCConfigurationList section */
	};
	rootObject = 3E87E31D2C56B94700D843E2 /* Project object */;
}
